
Microsoft Visual Studio Solution File, Format Version 12.00
# Visual Studio Version 17
VisualStudioVersion = 17.0.32126.317
MinimumVisualStudioVersion = 10.0.40219.1
Project("{9A19103F-16F7-4668-BE54-9A1E7A4F7556}") = "Meadow.Linux", "Meadow.Linux\Meadow.Linux.csproj", "{D4E5C593-FFB2-427F-82E3-6D9F655243E7}"
EndProject
Project("{2150E333-8FDC-42A3-9474-1A3956D46DE8}") = "Samples", "Samples", "{8436E98A-9974-43FE-ADF2-EC60505E767B}"
EndProject
Project("{2150E333-8FDC-42A3-9474-1A3956D46DE8}") = "Solution Items", "Solution Items", "{79CF70C9-E622-45AF-9A58-D954DA93572D}"
	ProjectSection(SolutionItems) = preProject
		..\README.md = ..\README.md
	EndProjectSection
EndProject
Project("{9A19103F-16F7-4668-BE54-9A1E7A4F7556}") = "M4L.Unit.Tests", "tests\Meadow.Linux.Unit.Tests\M4L.Unit.Tests.csproj", "{7D66ACC4-3C11-4BE4-8803-204BAABFBA33}"
EndProject
Project("{2150E333-8FDC-42A3-9474-1A3956D46DE8}") = "pi", "pi", "{53A3F4CA-E259-45DA-B0F1-B9A54A3A24F7}"
EndProject
Project("{2150E333-8FDC-42A3-9474-1A3956D46DE8}") = "krtkl", "krtkl", "{249BB39C-DD2A-4EF7-8DDB-3BEFD0C9EE52}"
EndProject
Project("{2150E333-8FDC-42A3-9474-1A3956D46DE8}") = "nvidia", "nvidia", "{5CA85A22-762C-4354-992E-BF0217E6DC67}"
EndProject
Project("{9A19103F-16F7-4668-BE54-9A1E7A4F7556}") = "DigitalIOSample", "..\..\..\..\Meadow.Core.Samples\Source\Meadow.Linux.Samples\krtkl\DigitalIOSample\DigitalIOSample.csproj", "{6BA83178-2CB0-4B25-B07B-AECBEF1F8190}"
EndProject
Project("{9A19103F-16F7-4668-BE54-9A1E7A4F7556}") = "XavierI2C_Sample", "..\..\..\..\Meadow.Core.Samples\Source\Meadow.Linux.Samples\nvidia\XavierI2C_Sample\XavierI2C_Sample.csproj", "{D11CA6AD-B4C1-4D57-B74E-81FF23E27C91}"
EndProject
Project("{9A19103F-16F7-4668-BE54-9A1E7A4F7556}") = "DigitalIOSample", "..\..\..\..\Meadow.Core.Samples\Source\Meadow.Linux.Samples\pi\DigitalIOSample\DigitalIOSample.csproj", "{450CCC0A-93C0-49D0-A692-53D4A67C6653}"
EndProject
Project("{9A19103F-16F7-4668-BE54-9A1E7A4F7556}") = "Ads1015_Sample", "..\..\..\..\Meadow.Core.Samples\Source\Meadow.Linux.Samples\pi\Ads1015_Sample\Ads1015_Sample.csproj", "{10A98F28-C1D8-4572-9738-AB6A4CDD3668}"
EndProject
Project("{9A19103F-16F7-4668-BE54-9A1E7A4F7556}") = "Bme280_Sample", "..\..\..\..\Meadow.Core.Samples\Source\Meadow.Linux.Samples\pi\Bme280_Sample\Bme280_Sample.csproj", "{0FAD6B89-96B8-43B8-AC3D-A542D52F20AE}"
EndProject
Project("{9A19103F-16F7-4668-BE54-9A1E7A4F7556}") = "PushButton_Sample", "..\..\..\..\Meadow.Core.Samples\Source\Meadow.Linux.Samples\pi\PushButton_Sample\PushButton_Sample.csproj", "{5D3B4E9E-D232-4CBD-AEA7-5AE9910F4C81}"
EndProject
Project("{9A19103F-16F7-4668-BE54-9A1E7A4F7556}") = "ST7789_Sample", "..\..\..\..\Meadow.Core.Samples\Source\Meadow.Linux.Samples\pi\ST7789_Sample\ST7789_Sample.csproj", "{7DBE81E0-5020-470C-8A46-EC65B462C6FD}"
EndProject
Project("{9A19103F-16F7-4668-BE54-9A1E7A4F7556}") = "Meadow.Gtk", "gtk\Meadow.Gtk.csproj", "{4A1A7A9D-89F6-4BE4-886C-EFE01222F4BB}"
EndProject
Project("{2150E333-8FDC-42A3-9474-1A3956D46DE8}") = "ref", "ref", "{608ED7EE-E06F-4FB6-B1B4-C6032E817330}"
EndProject
Project("{2150E333-8FDC-42A3-9474-1A3956D46DE8}") = "gtk", "gtk", "{F21963C0-C877-4754-948A-D7F34F861F33}"
EndProject
Project("{9A19103F-16F7-4668-BE54-9A1E7A4F7556}") = "Meadow.Gtk_Sample", "..\..\..\..\Meadow.Core.Samples\Source\Meadow.Linux.Samples\gtk\Meadow.Gtk_Sample.csproj", "{27290168-8BCE-470F-96AC-6D72C90624CD}"
EndProject
Project("{2150E333-8FDC-42A3-9474-1A3956D46DE8}") = "doc", "doc", "{26BE0786-BFDA-46DA-87D7-7B8FDDE38AEA}"
	ProjectSection(SolutionItems) = preProject
		..\README.md = ..\README.md
	EndProjectSection
EndProject
Project("{9A19103F-16F7-4668-BE54-9A1E7A4F7556}") = "Meadow.Simulation", "..\simulation\Meadow.Simulation\Meadow.Simulation.csproj", "{A41A2CB9-6815-454D-B0F4-ACDDEE8E4197}"
EndProject
Project("{9A19103F-16F7-4668-BE54-9A1E7A4F7556}") = "Meadow.Core", "..\..\Meadow.Core\Meadow.Core.csproj", "{C47393AD-6785-45C5-B687-61A0935B691F}"
EndProject
Project("{9A19103F-16F7-4668-BE54-9A1E7A4F7556}") = "MQTTnet", "..\..\..\..\MQTTnet\Source\MQTTnet\MQTTnet.csproj", "{727ABAB6-DC2F-47F2-93DB-2FBB92419E7F}"
EndProject
Project("{9A19103F-16F7-4668-BE54-9A1E7A4F7556}") = "Meadow.Contracts", "..\..\..\..\Meadow.Contracts\Source\Meadow.Contracts\Meadow.Contracts.csproj", "{6009ADDE-F635-4B0A-B430-B2CED0146DAB}"
EndProject
Global
	GlobalSection(SolutionConfigurationPlatforms) = preSolution
		Debug|Any CPU = Debug|Any CPU
		Release|Any CPU = Release|Any CPU
	EndGlobalSection
	GlobalSection(ProjectConfigurationPlatforms) = postSolution
		{D4E5C593-FFB2-427F-82E3-6D9F655243E7}.Debug|Any CPU.ActiveCfg = Debug|Any CPU
		{D4E5C593-FFB2-427F-82E3-6D9F655243E7}.Debug|Any CPU.Build.0 = Debug|Any CPU
		{D4E5C593-FFB2-427F-82E3-6D9F655243E7}.Debug|Any CPU.Deploy.0 = Debug|Any CPU
		{D4E5C593-FFB2-427F-82E3-6D9F655243E7}.Release|Any CPU.ActiveCfg = Release|Any CPU
		{D4E5C593-FFB2-427F-82E3-6D9F655243E7}.Release|Any CPU.Build.0 = Release|Any CPU
		{D4E5C593-FFB2-427F-82E3-6D9F655243E7}.Release|Any CPU.Deploy.0 = Release|Any CPU
		{7D66ACC4-3C11-4BE4-8803-204BAABFBA33}.Debug|Any CPU.ActiveCfg = Debug|Any CPU
		{7D66ACC4-3C11-4BE4-8803-204BAABFBA33}.Debug|Any CPU.Build.0 = Debug|Any CPU
		{7D66ACC4-3C11-4BE4-8803-204BAABFBA33}.Release|Any CPU.ActiveCfg = Release|Any CPU
		{7D66ACC4-3C11-4BE4-8803-204BAABFBA33}.Release|Any CPU.Build.0 = Release|Any CPU
		{6BA83178-2CB0-4B25-B07B-AECBEF1F8190}.Debug|Any CPU.ActiveCfg = Debug|Any CPU
		{6BA83178-2CB0-4B25-B07B-AECBEF1F8190}.Debug|Any CPU.Build.0 = Debug|Any CPU
		{6BA83178-2CB0-4B25-B07B-AECBEF1F8190}.Release|Any CPU.ActiveCfg = Release|Any CPU
		{6BA83178-2CB0-4B25-B07B-AECBEF1F8190}.Release|Any CPU.Build.0 = Release|Any CPU
		{D11CA6AD-B4C1-4D57-B74E-81FF23E27C91}.Debug|Any CPU.ActiveCfg = Debug|Any CPU
		{D11CA6AD-B4C1-4D57-B74E-81FF23E27C91}.Debug|Any CPU.Build.0 = Debug|Any CPU
		{D11CA6AD-B4C1-4D57-B74E-81FF23E27C91}.Release|Any CPU.ActiveCfg = Release|Any CPU
		{D11CA6AD-B4C1-4D57-B74E-81FF23E27C91}.Release|Any CPU.Build.0 = Release|Any CPU
		{450CCC0A-93C0-49D0-A692-53D4A67C6653}.Debug|Any CPU.ActiveCfg = Debug|Any CPU
		{450CCC0A-93C0-49D0-A692-53D4A67C6653}.Debug|Any CPU.Build.0 = Debug|Any CPU
		{450CCC0A-93C0-49D0-A692-53D4A67C6653}.Release|Any CPU.ActiveCfg = Release|Any CPU
		{450CCC0A-93C0-49D0-A692-53D4A67C6653}.Release|Any CPU.Build.0 = Release|Any CPU
		{10A98F28-C1D8-4572-9738-AB6A4CDD3668}.Debug|Any CPU.ActiveCfg = Debug|Any CPU
		{10A98F28-C1D8-4572-9738-AB6A4CDD3668}.Debug|Any CPU.Build.0 = Debug|Any CPU
		{10A98F28-C1D8-4572-9738-AB6A4CDD3668}.Release|Any CPU.ActiveCfg = Release|Any CPU
		{10A98F28-C1D8-4572-9738-AB6A4CDD3668}.Release|Any CPU.Build.0 = Release|Any CPU
		{0FAD6B89-96B8-43B8-AC3D-A542D52F20AE}.Debug|Any CPU.ActiveCfg = Debug|Any CPU
		{0FAD6B89-96B8-43B8-AC3D-A542D52F20AE}.Debug|Any CPU.Build.0 = Debug|Any CPU
		{0FAD6B89-96B8-43B8-AC3D-A542D52F20AE}.Release|Any CPU.ActiveCfg = Release|Any CPU
		{0FAD6B89-96B8-43B8-AC3D-A542D52F20AE}.Release|Any CPU.Build.0 = Release|Any CPU
		{5D3B4E9E-D232-4CBD-AEA7-5AE9910F4C81}.Debug|Any CPU.ActiveCfg = Debug|Any CPU
		{5D3B4E9E-D232-4CBD-AEA7-5AE9910F4C81}.Debug|Any CPU.Build.0 = Debug|Any CPU
		{5D3B4E9E-D232-4CBD-AEA7-5AE9910F4C81}.Release|Any CPU.ActiveCfg = Release|Any CPU
		{5D3B4E9E-D232-4CBD-AEA7-5AE9910F4C81}.Release|Any CPU.Build.0 = Release|Any CPU
		{7DBE81E0-5020-470C-8A46-EC65B462C6FD}.Debug|Any CPU.ActiveCfg = Debug|Any CPU
		{7DBE81E0-5020-470C-8A46-EC65B462C6FD}.Debug|Any CPU.Build.0 = Debug|Any CPU
		{7DBE81E0-5020-470C-8A46-EC65B462C6FD}.Release|Any CPU.ActiveCfg = Release|Any CPU
		{7DBE81E0-5020-470C-8A46-EC65B462C6FD}.Release|Any CPU.Build.0 = Release|Any CPU
		{4A1A7A9D-89F6-4BE4-886C-EFE01222F4BB}.Debug|Any CPU.ActiveCfg = Debug|Any CPU
		{4A1A7A9D-89F6-4BE4-886C-EFE01222F4BB}.Debug|Any CPU.Build.0 = Debug|Any CPU
		{4A1A7A9D-89F6-4BE4-886C-EFE01222F4BB}.Debug|Any CPU.Deploy.0 = Debug|Any CPU
		{4A1A7A9D-89F6-4BE4-886C-EFE01222F4BB}.Release|Any CPU.ActiveCfg = Release|Any CPU
		{4A1A7A9D-89F6-4BE4-886C-EFE01222F4BB}.Release|Any CPU.Build.0 = Release|Any CPU
		{4A1A7A9D-89F6-4BE4-886C-EFE01222F4BB}.Release|Any CPU.Deploy.0 = Release|Any CPU
		{27290168-8BCE-470F-96AC-6D72C90624CD}.Debug|Any CPU.ActiveCfg = Debug|Any CPU
		{27290168-8BCE-470F-96AC-6D72C90624CD}.Debug|Any CPU.Build.0 = Debug|Any CPU
		{27290168-8BCE-470F-96AC-6D72C90624CD}.Release|Any CPU.ActiveCfg = Release|Any CPU
		{27290168-8BCE-470F-96AC-6D72C90624CD}.Release|Any CPU.Build.0 = Release|Any CPU
		{A41A2CB9-6815-454D-B0F4-ACDDEE8E4197}.Debug|Any CPU.ActiveCfg = Debug|Any CPU
		{A41A2CB9-6815-454D-B0F4-ACDDEE8E4197}.Debug|Any CPU.Build.0 = Debug|Any CPU
		{A41A2CB9-6815-454D-B0F4-ACDDEE8E4197}.Release|Any CPU.ActiveCfg = Release|Any CPU
		{A41A2CB9-6815-454D-B0F4-ACDDEE8E4197}.Release|Any CPU.Build.0 = Release|Any CPU
		{C47393AD-6785-45C5-B687-61A0935B691F}.Debug|Any CPU.ActiveCfg = Debug|Any CPU
		{C47393AD-6785-45C5-B687-61A0935B691F}.Debug|Any CPU.Build.0 = Debug|Any CPU
		{C47393AD-6785-45C5-B687-61A0935B691F}.Debug|Any CPU.Deploy.0 = Debug|Any CPU
		{C47393AD-6785-45C5-B687-61A0935B691F}.Release|Any CPU.ActiveCfg = Release|Any CPU
		{C47393AD-6785-45C5-B687-61A0935B691F}.Release|Any CPU.Build.0 = Release|Any CPU
		{C47393AD-6785-45C5-B687-61A0935B691F}.Release|Any CPU.Deploy.0 = Release|Any CPU
		{727ABAB6-DC2F-47F2-93DB-2FBB92419E7F}.Debug|Any CPU.ActiveCfg = Debug|Any CPU
		{727ABAB6-DC2F-47F2-93DB-2FBB92419E7F}.Debug|Any CPU.Build.0 = Debug|Any CPU
		{727ABAB6-DC2F-47F2-93DB-2FBB92419E7F}.Release|Any CPU.ActiveCfg = Release|Any CPU
		{727ABAB6-DC2F-47F2-93DB-2FBB92419E7F}.Release|Any CPU.Build.0 = Release|Any CPU
		{6009ADDE-F635-4B0A-B430-B2CED0146DAB}.Debug|Any CPU.ActiveCfg = Debug|Any CPU
		{6009ADDE-F635-4B0A-B430-B2CED0146DAB}.Debug|Any CPU.Build.0 = Debug|Any CPU
		{6009ADDE-F635-4B0A-B430-B2CED0146DAB}.Debug|Any CPU.Deploy.0 = Debug|Any CPU
		{6009ADDE-F635-4B0A-B430-B2CED0146DAB}.Release|Any CPU.ActiveCfg = Release|Any CPU
		{6009ADDE-F635-4B0A-B430-B2CED0146DAB}.Release|Any CPU.Build.0 = Release|Any CPU
		{6009ADDE-F635-4B0A-B430-B2CED0146DAB}.Release|Any CPU.Deploy.0 = Release|Any CPU
	EndGlobalSection
	GlobalSection(SolutionProperties) = preSolution
		HideSolutionNode = FALSE
	EndGlobalSection
	GlobalSection(NestedProjects) = preSolution
		{53A3F4CA-E259-45DA-B0F1-B9A54A3A24F7} = {8436E98A-9974-43FE-ADF2-EC60505E767B}
		{249BB39C-DD2A-4EF7-8DDB-3BEFD0C9EE52} = {8436E98A-9974-43FE-ADF2-EC60505E767B}
		{5CA85A22-762C-4354-992E-BF0217E6DC67} = {8436E98A-9974-43FE-ADF2-EC60505E767B}
		{6BA83178-2CB0-4B25-B07B-AECBEF1F8190} = {249BB39C-DD2A-4EF7-8DDB-3BEFD0C9EE52}
		{D11CA6AD-B4C1-4D57-B74E-81FF23E27C91} = {5CA85A22-762C-4354-992E-BF0217E6DC67}
		{450CCC0A-93C0-49D0-A692-53D4A67C6653} = {53A3F4CA-E259-45DA-B0F1-B9A54A3A24F7}
		{10A98F28-C1D8-4572-9738-AB6A4CDD3668} = {53A3F4CA-E259-45DA-B0F1-B9A54A3A24F7}
		{0FAD6B89-96B8-43B8-AC3D-A542D52F20AE} = {53A3F4CA-E259-45DA-B0F1-B9A54A3A24F7}
		{5D3B4E9E-D232-4CBD-AEA7-5AE9910F4C81} = {53A3F4CA-E259-45DA-B0F1-B9A54A3A24F7}
		{7DBE81E0-5020-470C-8A46-EC65B462C6FD} = {53A3F4CA-E259-45DA-B0F1-B9A54A3A24F7}
		{F21963C0-C877-4754-948A-D7F34F861F33} = {8436E98A-9974-43FE-ADF2-EC60505E767B}
		{27290168-8BCE-470F-96AC-6D72C90624CD} = {F21963C0-C877-4754-948A-D7F34F861F33}
		{A41A2CB9-6815-454D-B0F4-ACDDEE8E4197} = {608ED7EE-E06F-4FB6-B1B4-C6032E817330}
		{C47393AD-6785-45C5-B687-61A0935B691F} = {608ED7EE-E06F-4FB6-B1B4-C6032E817330}
		{727ABAB6-DC2F-47F2-93DB-2FBB92419E7F} = {608ED7EE-E06F-4FB6-B1B4-C6032E817330}
		{6009ADDE-F635-4B0A-B430-B2CED0146DAB} = {608ED7EE-E06F-4FB6-B1B4-C6032E817330}
	EndGlobalSection
	GlobalSection(ExtensibilityGlobals) = postSolution
		SolutionGuid = {6CC77371-5880-4AD7-8506-1FB909E18343}
	EndGlobalSection
EndGlobal
