
Microsoft Visual Studio Solution File, Format Version 12.00
# Visual Studio 2012
Project("{FAE04EC0-301F-11D3-BF4B-00C04F79EFBC}") = "Meadow.Core", "Meadow.Core\Meadow.Core.csproj", "{66B6CBB4-D7C7-4C37-AC5D-35AD3221B60A}"
EndProject
Global
	GlobalSection(SolutionConfigurationPlatforms) = preSolution
		Debug|Any CPU = Debug|Any CPU
		Release|Any CPU = Release|Any CPU
	EndGlobalSection
	GlobalSection(ProjectConfigurationPlatforms) = postSolution
		{66B6CBB4-D7C7-4C37-AC5D-35AD3221B60A}.Debug|Any CPU.ActiveCfg = Debug|Any CPU
		{66B6CBB4-D7C7-4C37-AC5D-35AD3221B60A}.Debug|Any CPU.Build.0 = Debug|Any CPU
		{66B6CBB4-D7C7-4C37-AC5D-35AD3221B60A}.Release|Any CPU.ActiveCfg = Release|Any CPU
		{66B6CBB4-D7C7-4C37-AC5D-35AD3221B60A}.Release|Any CPU.Build.0 = Release|Any CPU
	EndGlobalSection
EndGlobal
