
Microsoft Visual Studio Solution File, Format Version 12.00
# Visual Studio 2012
Project("{FAE04EC0-301F-11D3-BF4B-00C04F79EFBC}") = "Meadow.Core", "Meadow.Core\Meadow.Core.csproj", "{66B6CBB4-D7C7-4C37-AC5D-35AD3221B60A}"
EndProject
Project("{2150E333-8FDC-42A3-9474-1A3956D46DE8}") = "Tests", "Tests", "{CDA0F516-977E-4F27-9434-9A0961EF91D1}"
EndProject
Project("{FAE04EC0-301F-11D3-BF4B-00C04F79EFBC}") = "MeadowApplication", "Tests\MeadowApplication\MeadowApplication.csproj", "{2E18F66C-4FAA-46DC-9B3B-4A998048DD18}"
EndProject
Project("{FAE04EC0-301F-11D3-BF4B-00C04F79EFBC}") = "Hello_RGB", "Tests\Hello_RGB\Hello_RGB.csproj", "{62F85143-85EA-426F-8792-0A9B3C715FDE}"
EndProject
Global
	GlobalSection(SolutionConfigurationPlatforms) = preSolution
		Debug|Any CPU = Debug|Any CPU
		Release|Any CPU = Release|Any CPU
	EndGlobalSection
	GlobalSection(ProjectConfigurationPlatforms) = postSolution
		{66B6CBB4-D7C7-4C37-AC5D-35AD3221B60A}.Debug|Any CPU.ActiveCfg = Debug|Any CPU
		{66B6CBB4-D7C7-4C37-AC5D-35AD3221B60A}.Debug|Any CPU.Build.0 = Debug|Any CPU
		{66B6CBB4-D7C7-4C37-AC5D-35AD3221B60A}.Release|Any CPU.ActiveCfg = Release|Any CPU
		{66B6CBB4-D7C7-4C37-AC5D-35AD3221B60A}.Release|Any CPU.Build.0 = Release|Any CPU
		{2E18F66C-4FAA-46DC-9B3B-4A998048DD18}.Debug|Any CPU.ActiveCfg = Debug|Any CPU
		{2E18F66C-4FAA-46DC-9B3B-4A998048DD18}.Debug|Any CPU.Build.0 = Debug|Any CPU
		{2E18F66C-4FAA-46DC-9B3B-4A998048DD18}.Release|Any CPU.ActiveCfg = Release|Any CPU
		{2E18F66C-4FAA-46DC-9B3B-4A998048DD18}.Release|Any CPU.Build.0 = Release|Any CPU
		{62F85143-85EA-426F-8792-0A9B3C715FDE}.Debug|Any CPU.ActiveCfg = Debug|Any CPU
		{62F85143-85EA-426F-8792-0A9B3C715FDE}.Debug|Any CPU.Build.0 = Debug|Any CPU
		{62F85143-85EA-426F-8792-0A9B3C715FDE}.Release|Any CPU.ActiveCfg = Release|Any CPU
		{62F85143-85EA-426F-8792-0A9B3C715FDE}.Release|Any CPU.Build.0 = Release|Any CPU
	EndGlobalSection
	GlobalSection(NestedProjects) = preSolution
		{2E18F66C-4FAA-46DC-9B3B-4A998048DD18} = {CDA0F516-977E-4F27-9434-9A0961EF91D1}
		{62F85143-85EA-426F-8792-0A9B3C715FDE} = {CDA0F516-977E-4F27-9434-9A0961EF91D1}
	EndGlobalSection
EndGlobal
