
Microsoft Visual Studio Solution File, Format Version 12.00
# Visual Studio Version 17
VisualStudioVersion = 17.0.32126.317
MinimumVisualStudioVersion = 10.0.40219.1
Project("{9A19103F-16F7-4668-BE54-9A1E7A4F7556}") = "Meadow.Linux", "lib\Meadow.Linux.csproj", "{D4E5C593-FFB2-427F-82E3-6D9F655243E7}"
EndProject
Project("{2150E333-8FDC-42A3-9474-1A3956D46DE8}") = "Samples", "Samples", "{8436E98A-9974-43FE-ADF2-EC60505E767B}"
EndProject
Project("{2150E333-8FDC-42A3-9474-1A3956D46DE8}") = "Solution Items", "Solution Items", "{79CF70C9-E622-45AF-9A58-D954DA93572D}"
	ProjectSection(SolutionItems) = preProject
		..\README.md = ..\README.md
	EndProjectSection
EndProject
Project("{9A19103F-16F7-4668-BE54-9A1E7A4F7556}") = "M4L.Unit.Tests", "tests\M4L.Unit.Tests\M4L.Unit.Tests.csproj", "{7D66ACC4-3C11-4BE4-8803-204BAABFBA33}"
EndProject
Project("{2150E333-8FDC-42A3-9474-1A3956D46DE8}") = "pi", "pi", "{53A3F4CA-E259-45DA-B0F1-B9A54A3A24F7}"
EndProject
Project("{2150E333-8FDC-42A3-9474-1A3956D46DE8}") = "krtkl", "krtkl", "{249BB39C-DD2A-4EF7-8DDB-3BEFD0C9EE52}"
EndProject
Project("{2150E333-8FDC-42A3-9474-1A3956D46DE8}") = "nvidia", "nvidia", "{5CA85A22-762C-4354-992E-BF0217E6DC67}"
EndProject
Project("{9A19103F-16F7-4668-BE54-9A1E7A4F7556}") = "DigitalIOSample", "samples\krtkl\DigitalIOSample\DigitalIOSample.csproj", "{6BA83178-2CB0-4B25-B07B-AECBEF1F8190}"
EndProject
Project("{9A19103F-16F7-4668-BE54-9A1E7A4F7556}") = "XavierI2C_Sample", "samples\nvidia\XavierI2C_Sample\XavierI2C_Sample.csproj", "{D11CA6AD-B4C1-4D57-B74E-81FF23E27C91}"
EndProject
Project("{9A19103F-16F7-4668-BE54-9A1E7A4F7556}") = "DigitalIOSample", "samples\pi\DigitalIOSample\DigitalIOSample.csproj", "{450CCC0A-93C0-49D0-A692-53D4A67C6653}"
EndProject
Project("{9A19103F-16F7-4668-BE54-9A1E7A4F7556}") = "Ads1015_Sample", "samples\pi\Ads1015_Sample\Ads1015_Sample.csproj", "{10A98F28-C1D8-4572-9738-AB6A4CDD3668}"
EndProject
Project("{9A19103F-16F7-4668-BE54-9A1E7A4F7556}") = "Bme280_Sample", "samples\pi\Bme280_Sample\Bme280_Sample.csproj", "{0FAD6B89-96B8-43B8-AC3D-A542D52F20AE}"
EndProject
Project("{9A19103F-16F7-4668-BE54-9A1E7A4F7556}") = "PushButton_Sample", "samples\pi\PushButton_Sample\PushButton_Sample.csproj", "{5D3B4E9E-D232-4CBD-AEA7-5AE9910F4C81}"
EndProject
Project("{9A19103F-16F7-4668-BE54-9A1E7A4F7556}") = "ST7789_Sample", "samples\pi\ST7789_Sample\ST7789_Sample.csproj", "{7DBE81E0-5020-470C-8A46-EC65B462C6FD}"
EndProject
Project("{9A19103F-16F7-4668-BE54-9A1E7A4F7556}") = "Meadow.Gtk", "gtk\Meadow.Gtk.csproj", "{4A1A7A9D-89F6-4BE4-886C-EFE01222F4BB}"
EndProject
Project("{9A19103F-16F7-4668-BE54-9A1E7A4F7556}") = "Meadow.Core", "..\..\Meadow.Core\source\Meadow.Core\Meadow.Core.csproj", "{2A5CF9AA-1FD7-4007-9A41-9A42D45F28DD}"
EndProject
Project("{2150E333-8FDC-42A3-9474-1A3956D46DE8}") = "ref", "ref", "{608ED7EE-E06F-4FB6-B1B4-C6032E817330}"
EndProject
Project("{2150E333-8FDC-42A3-9474-1A3956D46DE8}") = "gtk", "gtk", "{F21963C0-C877-4754-948A-D7F34F861F33}"
EndProject
Project("{9A19103F-16F7-4668-BE54-9A1E7A4F7556}") = "Meadow.Gtk_Sample", "samples\gtk\Meadow.Gtk_Sample.csproj", "{27290168-8BCE-470F-96AC-6D72C90624CD}"
EndProject
Project("{9A19103F-16F7-4668-BE54-9A1E7A4F7556}") = "Meadow.Contracts", "..\..\Meadow.Contracts\Source\Meadow.Contracts\Meadow.Contracts.csproj", "{F9165205-2850-4073-9419-1BB0D16DAFEC}"
EndProject
Project("{9A19103F-16F7-4668-BE54-9A1E7A4F7556}") = "Meadow.Logging", "..\..\Meadow.Logging\lib\Meadow.Logging.csproj", "{ED2BCC10-B4CA-4799-ABA7-D737C808A403}"
EndProject
Project("{9A19103F-16F7-4668-BE54-9A1E7A4F7556}") = "Meadow.Simulation", "..\..\Meadow.Simulation\src\Meadow.Simulation\Meadow.Simulation.csproj", "{C70C470C-84A1-4993-AD3F-A94B7224917E}"
EndProject
Project("{9A19103F-16F7-4668-BE54-9A1E7A4F7556}") = "Meadow.Foundation.Core", "..\..\Meadow.Foundation\Source\Meadow.Foundation.Core\Meadow.Foundation.Core.csproj", "{6C728CA5-3C8B-46C8-A16E-1FB51A2F97C1}"
EndProject
Project("{9A19103F-16F7-4668-BE54-9A1E7A4F7556}") = "Graphics.MicroGraphics", "..\..\Meadow.Foundation\Source\Meadow.Foundation.Libraries_and_Frameworks\Graphics.MicroGraphics\Driver\Graphics.MicroGraphics.csproj", "{4C742EAE-C51D-40DD-BF13-1419A3C7469A}"
EndProject
Project("{9A19103F-16F7-4668-BE54-9A1E7A4F7556}") = "Displays.TftSpi", "..\..\Meadow.Foundation\Source\Meadow.Foundation.Peripherals\Displays.TftSpi\Driver\Displays.TftSpi.csproj", "{750DFD5B-97A9-40B8-8FEB-11B0E594313A}"
EndProject
Project("{9A19103F-16F7-4668-BE54-9A1E7A4F7556}") = "ICs.ADC.Ads1x15", "..\..\Meadow.Foundation\Source\Meadow.Foundation.Peripherals\ICs.ADC.Ads1x15\Driver\ICs.ADC.Ads1x15.csproj", "{7559C239-3B0D-4C0F-8051-EB814916B56B}"
EndProject
Project("{9A19103F-16F7-4668-BE54-9A1E7A4F7556}") = "Sensors.Atmospheric.Bme280", "..\..\Meadow.Foundation\Source\Meadow.Foundation.Peripherals\Sensors.Atmospheric.Bme280\Driver\Sensors.Atmospheric.Bme280.csproj", "{7B50BF55-E1EF-412D-AE32-50CFB9D51F7D}"
EndProject
Global
	GlobalSection(SolutionConfigurationPlatforms) = preSolution
		Debug|Any CPU = Debug|Any CPU
		Release|Any CPU = Release|Any CPU
	EndGlobalSection
	GlobalSection(ProjectConfigurationPlatforms) = postSolution
		{D4E5C593-FFB2-427F-82E3-6D9F655243E7}.Debug|Any CPU.ActiveCfg = Debug|Any CPU
		{D4E5C593-FFB2-427F-82E3-6D9F655243E7}.Debug|Any CPU.Build.0 = Debug|Any CPU
		{D4E5C593-FFB2-427F-82E3-6D9F655243E7}.Debug|Any CPU.Deploy.0 = Debug|Any CPU
		{D4E5C593-FFB2-427F-82E3-6D9F655243E7}.Release|Any CPU.ActiveCfg = Release|Any CPU
		{D4E5C593-FFB2-427F-82E3-6D9F655243E7}.Release|Any CPU.Build.0 = Release|Any CPU
		{D4E5C593-FFB2-427F-82E3-6D9F655243E7}.Release|Any CPU.Deploy.0 = Release|Any CPU
		{7D66ACC4-3C11-4BE4-8803-204BAABFBA33}.Debug|Any CPU.ActiveCfg = Debug|Any CPU
		{7D66ACC4-3C11-4BE4-8803-204BAABFBA33}.Debug|Any CPU.Build.0 = Debug|Any CPU
		{7D66ACC4-3C11-4BE4-8803-204BAABFBA33}.Release|Any CPU.ActiveCfg = Release|Any CPU
		{7D66ACC4-3C11-4BE4-8803-204BAABFBA33}.Release|Any CPU.Build.0 = Release|Any CPU
		{6BA83178-2CB0-4B25-B07B-AECBEF1F8190}.Debug|Any CPU.ActiveCfg = Debug|Any CPU
		{6BA83178-2CB0-4B25-B07B-AECBEF1F8190}.Debug|Any CPU.Build.0 = Debug|Any CPU
		{6BA83178-2CB0-4B25-B07B-AECBEF1F8190}.Release|Any CPU.ActiveCfg = Release|Any CPU
		{6BA83178-2CB0-4B25-B07B-AECBEF1F8190}.Release|Any CPU.Build.0 = Release|Any CPU
		{D11CA6AD-B4C1-4D57-B74E-81FF23E27C91}.Debug|Any CPU.ActiveCfg = Debug|Any CPU
		{D11CA6AD-B4C1-4D57-B74E-81FF23E27C91}.Debug|Any CPU.Build.0 = Debug|Any CPU
		{D11CA6AD-B4C1-4D57-B74E-81FF23E27C91}.Release|Any CPU.ActiveCfg = Release|Any CPU
		{D11CA6AD-B4C1-4D57-B74E-81FF23E27C91}.Release|Any CPU.Build.0 = Release|Any CPU
		{450CCC0A-93C0-49D0-A692-53D4A67C6653}.Debug|Any CPU.ActiveCfg = Debug|Any CPU
		{450CCC0A-93C0-49D0-A692-53D4A67C6653}.Debug|Any CPU.Build.0 = Debug|Any CPU
		{450CCC0A-93C0-49D0-A692-53D4A67C6653}.Release|Any CPU.ActiveCfg = Release|Any CPU
		{450CCC0A-93C0-49D0-A692-53D4A67C6653}.Release|Any CPU.Build.0 = Release|Any CPU
		{10A98F28-C1D8-4572-9738-AB6A4CDD3668}.Debug|Any CPU.ActiveCfg = Debug|Any CPU
		{10A98F28-C1D8-4572-9738-AB6A4CDD3668}.Debug|Any CPU.Build.0 = Debug|Any CPU
		{10A98F28-C1D8-4572-9738-AB6A4CDD3668}.Release|Any CPU.ActiveCfg = Release|Any CPU
		{10A98F28-C1D8-4572-9738-AB6A4CDD3668}.Release|Any CPU.Build.0 = Release|Any CPU
		{0FAD6B89-96B8-43B8-AC3D-A542D52F20AE}.Debug|Any CPU.ActiveCfg = Debug|Any CPU
		{0FAD6B89-96B8-43B8-AC3D-A542D52F20AE}.Debug|Any CPU.Build.0 = Debug|Any CPU
		{0FAD6B89-96B8-43B8-AC3D-A542D52F20AE}.Release|Any CPU.ActiveCfg = Release|Any CPU
		{0FAD6B89-96B8-43B8-AC3D-A542D52F20AE}.Release|Any CPU.Build.0 = Release|Any CPU
		{5D3B4E9E-D232-4CBD-AEA7-5AE9910F4C81}.Debug|Any CPU.ActiveCfg = Debug|Any CPU
		{5D3B4E9E-D232-4CBD-AEA7-5AE9910F4C81}.Debug|Any CPU.Build.0 = Debug|Any CPU
		{5D3B4E9E-D232-4CBD-AEA7-5AE9910F4C81}.Release|Any CPU.ActiveCfg = Release|Any CPU
		{5D3B4E9E-D232-4CBD-AEA7-5AE9910F4C81}.Release|Any CPU.Build.0 = Release|Any CPU
		{7DBE81E0-5020-470C-8A46-EC65B462C6FD}.Debug|Any CPU.ActiveCfg = Debug|Any CPU
		{7DBE81E0-5020-470C-8A46-EC65B462C6FD}.Debug|Any CPU.Build.0 = Debug|Any CPU
		{7DBE81E0-5020-470C-8A46-EC65B462C6FD}.Release|Any CPU.ActiveCfg = Release|Any CPU
		{7DBE81E0-5020-470C-8A46-EC65B462C6FD}.Release|Any CPU.Build.0 = Release|Any CPU
		{4A1A7A9D-89F6-4BE4-886C-EFE01222F4BB}.Debug|Any CPU.ActiveCfg = Debug|Any CPU
		{4A1A7A9D-89F6-4BE4-886C-EFE01222F4BB}.Debug|Any CPU.Build.0 = Debug|Any CPU
		{4A1A7A9D-89F6-4BE4-886C-EFE01222F4BB}.Debug|Any CPU.Deploy.0 = Debug|Any CPU
		{4A1A7A9D-89F6-4BE4-886C-EFE01222F4BB}.Release|Any CPU.ActiveCfg = Release|Any CPU
		{4A1A7A9D-89F6-4BE4-886C-EFE01222F4BB}.Release|Any CPU.Build.0 = Release|Any CPU
		{4A1A7A9D-89F6-4BE4-886C-EFE01222F4BB}.Release|Any CPU.Deploy.0 = Release|Any CPU
		{2A5CF9AA-1FD7-4007-9A41-9A42D45F28DD}.Debug|Any CPU.ActiveCfg = Debug|Any CPU
		{2A5CF9AA-1FD7-4007-9A41-9A42D45F28DD}.Debug|Any CPU.Build.0 = Debug|Any CPU
		{2A5CF9AA-1FD7-4007-9A41-9A42D45F28DD}.Debug|Any CPU.Deploy.0 = Debug|Any CPU
		{2A5CF9AA-1FD7-4007-9A41-9A42D45F28DD}.Release|Any CPU.ActiveCfg = Release|Any CPU
		{2A5CF9AA-1FD7-4007-9A41-9A42D45F28DD}.Release|Any CPU.Build.0 = Release|Any CPU
		{2A5CF9AA-1FD7-4007-9A41-9A42D45F28DD}.Release|Any CPU.Deploy.0 = Release|Any CPU
		{27290168-8BCE-470F-96AC-6D72C90624CD}.Debug|Any CPU.ActiveCfg = Debug|Any CPU
		{27290168-8BCE-470F-96AC-6D72C90624CD}.Debug|Any CPU.Build.0 = Debug|Any CPU
		{27290168-8BCE-470F-96AC-6D72C90624CD}.Release|Any CPU.ActiveCfg = Release|Any CPU
		{27290168-8BCE-470F-96AC-6D72C90624CD}.Release|Any CPU.Build.0 = Release|Any CPU
		{F9165205-2850-4073-9419-1BB0D16DAFEC}.Debug|Any CPU.ActiveCfg = Debug|Any CPU
		{F9165205-2850-4073-9419-1BB0D16DAFEC}.Debug|Any CPU.Build.0 = Debug|Any CPU
		{F9165205-2850-4073-9419-1BB0D16DAFEC}.Debug|Any CPU.Deploy.0 = Debug|Any CPU
		{F9165205-2850-4073-9419-1BB0D16DAFEC}.Release|Any CPU.ActiveCfg = Release|Any CPU
		{F9165205-2850-4073-9419-1BB0D16DAFEC}.Release|Any CPU.Build.0 = Release|Any CPU
		{F9165205-2850-4073-9419-1BB0D16DAFEC}.Release|Any CPU.Deploy.0 = Release|Any CPU
		{ED2BCC10-B4CA-4799-ABA7-D737C808A403}.Debug|Any CPU.ActiveCfg = Debug|Any CPU
		{ED2BCC10-B4CA-4799-ABA7-D737C808A403}.Debug|Any CPU.Build.0 = Debug|Any CPU
		{ED2BCC10-B4CA-4799-ABA7-D737C808A403}.Release|Any CPU.ActiveCfg = Release|Any CPU
		{ED2BCC10-B4CA-4799-ABA7-D737C808A403}.Release|Any CPU.Build.0 = Release|Any CPU
		{C70C470C-84A1-4993-AD3F-A94B7224917E}.Debug|Any CPU.ActiveCfg = Debug|Any CPU
		{C70C470C-84A1-4993-AD3F-A94B7224917E}.Debug|Any CPU.Build.0 = Debug|Any CPU
		{C70C470C-84A1-4993-AD3F-A94B7224917E}.Release|Any CPU.ActiveCfg = Release|Any CPU
		{C70C470C-84A1-4993-AD3F-A94B7224917E}.Release|Any CPU.Build.0 = Release|Any CPU
		{6C728CA5-3C8B-46C8-A16E-1FB51A2F97C1}.Debug|Any CPU.ActiveCfg = Debug|Any CPU
		{6C728CA5-3C8B-46C8-A16E-1FB51A2F97C1}.Debug|Any CPU.Build.0 = Debug|Any CPU
		{6C728CA5-3C8B-46C8-A16E-1FB51A2F97C1}.Debug|Any CPU.Deploy.0 = Debug|Any CPU
		{6C728CA5-3C8B-46C8-A16E-1FB51A2F97C1}.Release|Any CPU.ActiveCfg = Release|Any CPU
		{6C728CA5-3C8B-46C8-A16E-1FB51A2F97C1}.Release|Any CPU.Build.0 = Release|Any CPU
		{6C728CA5-3C8B-46C8-A16E-1FB51A2F97C1}.Release|Any CPU.Deploy.0 = Release|Any CPU
		{4C742EAE-C51D-40DD-BF13-1419A3C7469A}.Debug|Any CPU.ActiveCfg = Debug|Any CPU
		{4C742EAE-C51D-40DD-BF13-1419A3C7469A}.Debug|Any CPU.Build.0 = Debug|Any CPU
		{4C742EAE-C51D-40DD-BF13-1419A3C7469A}.Debug|Any CPU.Deploy.0 = Debug|Any CPU
		{4C742EAE-C51D-40DD-BF13-1419A3C7469A}.Release|Any CPU.ActiveCfg = Release|Any CPU
		{4C742EAE-C51D-40DD-BF13-1419A3C7469A}.Release|Any CPU.Build.0 = Release|Any CPU
		{4C742EAE-C51D-40DD-BF13-1419A3C7469A}.Release|Any CPU.Deploy.0 = Release|Any CPU
		{750DFD5B-97A9-40B8-8FEB-11B0E594313A}.Debug|Any CPU.ActiveCfg = Debug|Any CPU
		{750DFD5B-97A9-40B8-8FEB-11B0E594313A}.Debug|Any CPU.Build.0 = Debug|Any CPU
		{750DFD5B-97A9-40B8-8FEB-11B0E594313A}.Debug|Any CPU.Deploy.0 = Debug|Any CPU
		{750DFD5B-97A9-40B8-8FEB-11B0E594313A}.Release|Any CPU.ActiveCfg = Release|Any CPU
		{750DFD5B-97A9-40B8-8FEB-11B0E594313A}.Release|Any CPU.Build.0 = Release|Any CPU
		{750DFD5B-97A9-40B8-8FEB-11B0E594313A}.Release|Any CPU.Deploy.0 = Release|Any CPU
		{7559C239-3B0D-4C0F-8051-EB814916B56B}.Debug|Any CPU.ActiveCfg = Debug|Any CPU
		{7559C239-3B0D-4C0F-8051-EB814916B56B}.Debug|Any CPU.Build.0 = Debug|Any CPU
		{7559C239-3B0D-4C0F-8051-EB814916B56B}.Debug|Any CPU.Deploy.0 = Debug|Any CPU
		{7559C239-3B0D-4C0F-8051-EB814916B56B}.Release|Any CPU.ActiveCfg = Release|Any CPU
		{7559C239-3B0D-4C0F-8051-EB814916B56B}.Release|Any CPU.Build.0 = Release|Any CPU
		{7559C239-3B0D-4C0F-8051-EB814916B56B}.Release|Any CPU.Deploy.0 = Release|Any CPU
		{7B50BF55-E1EF-412D-AE32-50CFB9D51F7D}.Debug|Any CPU.ActiveCfg = Debug|Any CPU
		{7B50BF55-E1EF-412D-AE32-50CFB9D51F7D}.Debug|Any CPU.Build.0 = Debug|Any CPU
		{7B50BF55-E1EF-412D-AE32-50CFB9D51F7D}.Debug|Any CPU.Deploy.0 = Debug|Any CPU
		{7B50BF55-E1EF-412D-AE32-50CFB9D51F7D}.Release|Any CPU.ActiveCfg = Release|Any CPU
		{7B50BF55-E1EF-412D-AE32-50CFB9D51F7D}.Release|Any CPU.Build.0 = Release|Any CPU
		{7B50BF55-E1EF-412D-AE32-50CFB9D51F7D}.Release|Any CPU.Deploy.0 = Release|Any CPU
	EndGlobalSection
	GlobalSection(SolutionProperties) = preSolution
		HideSolutionNode = FALSE
	EndGlobalSection
	GlobalSection(NestedProjects) = preSolution
		{53A3F4CA-E259-45DA-B0F1-B9A54A3A24F7} = {8436E98A-9974-43FE-ADF2-EC60505E767B}
		{249BB39C-DD2A-4EF7-8DDB-3BEFD0C9EE52} = {8436E98A-9974-43FE-ADF2-EC60505E767B}
		{5CA85A22-762C-4354-992E-BF0217E6DC67} = {8436E98A-9974-43FE-ADF2-EC60505E767B}
		{6BA83178-2CB0-4B25-B07B-AECBEF1F8190} = {249BB39C-DD2A-4EF7-8DDB-3BEFD0C9EE52}
		{D11CA6AD-B4C1-4D57-B74E-81FF23E27C91} = {5CA85A22-762C-4354-992E-BF0217E6DC67}
		{450CCC0A-93C0-49D0-A692-53D4A67C6653} = {53A3F4CA-E259-45DA-B0F1-B9A54A3A24F7}
		{10A98F28-C1D8-4572-9738-AB6A4CDD3668} = {53A3F4CA-E259-45DA-B0F1-B9A54A3A24F7}
		{0FAD6B89-96B8-43B8-AC3D-A542D52F20AE} = {53A3F4CA-E259-45DA-B0F1-B9A54A3A24F7}
		{5D3B4E9E-D232-4CBD-AEA7-5AE9910F4C81} = {53A3F4CA-E259-45DA-B0F1-B9A54A3A24F7}
		{7DBE81E0-5020-470C-8A46-EC65B462C6FD} = {53A3F4CA-E259-45DA-B0F1-B9A54A3A24F7}
		{2A5CF9AA-1FD7-4007-9A41-9A42D45F28DD} = {608ED7EE-E06F-4FB6-B1B4-C6032E817330}
		{F21963C0-C877-4754-948A-D7F34F861F33} = {8436E98A-9974-43FE-ADF2-EC60505E767B}
		{27290168-8BCE-470F-96AC-6D72C90624CD} = {F21963C0-C877-4754-948A-D7F34F861F33}
		{F9165205-2850-4073-9419-1BB0D16DAFEC} = {608ED7EE-E06F-4FB6-B1B4-C6032E817330}
		{ED2BCC10-B4CA-4799-ABA7-D737C808A403} = {608ED7EE-E06F-4FB6-B1B4-C6032E817330}
		{C70C470C-84A1-4993-AD3F-A94B7224917E} = {608ED7EE-E06F-4FB6-B1B4-C6032E817330}
		{6C728CA5-3C8B-46C8-A16E-1FB51A2F97C1} = {608ED7EE-E06F-4FB6-B1B4-C6032E817330}
		{4C742EAE-C51D-40DD-BF13-1419A3C7469A} = {608ED7EE-E06F-4FB6-B1B4-C6032E817330}
		{750DFD5B-97A9-40B8-8FEB-11B0E594313A} = {608ED7EE-E06F-4FB6-B1B4-C6032E817330}
		{7559C239-3B0D-4C0F-8051-EB814916B56B} = {608ED7EE-E06F-4FB6-B1B4-C6032E817330}
		{7B50BF55-E1EF-412D-AE32-50CFB9D51F7D} = {608ED7EE-E06F-4FB6-B1B4-C6032E817330}
	EndGlobalSection
	GlobalSection(ExtensibilityGlobals) = postSolution
		SolutionGuid = {6CC77371-5880-4AD7-8506-1FB909E18343}
	EndGlobalSection
EndGlobal
