Microsoft Visual Studio Solution File, Format Version 12.00
# Visual Studio Version 16
VisualStudioVersion = 16.0.29613.14
MinimumVisualStudioVersion = 10.0.40219.1
Project("{9A19103F-16F7-4668-BE54-9A1E7A4F7556}") = "Meadow.Core", "Meadow.Core\Meadow.Core.csproj", "{B13C7BDD-77F5-45F8-BDB9-6CD368C67410}"
EndProject
Project("{9A19103F-16F7-4668-BE54-9A1E7A4F7556}") = "Core.Unit.Tests", "Tests\Core.Unit.Tests\Core.Unit.Tests.csproj", "{6C9FD83F-2D26-4B74-ABE7-4C4A84F82449}"
EndProject
Project("{9A19103F-16F7-4668-BE54-9A1E7A4F7556}") = "Meadow.F7", "Meadow.F7\Meadow.F7.csproj", "{68862169-C332-48DF-BE45-8A27AAA365B3}"
EndProject
Project("{9A19103F-16F7-4668-BE54-9A1E7A4F7556}") = "Meadow.Units", "Meadow.Units\Meadow.Units.csproj", "{2369DADC-44D3-4C7E-B605-8DC80D626F10}"
EndProject
Project("{9A19103F-16F7-4668-BE54-9A1E7A4F7556}") = "Meadow.Contracts", "Meadow.Contracts\Meadow.Contracts.csproj", "{1DE72085-6E7C-4FFE-9EFD-7FB97EA4B18F}"
EndProject
Project("{2150E333-8FDC-42A3-9474-1A3956D46DE8}") = "Tests", "Tests", "{7BCFC6D6-228E-4C93-8145-EAD121AA8587}"
EndProject
Project("{9A19103F-16F7-4668-BE54-9A1E7A4F7556}") = "Meadow.Linux", "Meadow.Linux\Meadow.Linux.csproj", "{C9CD0C0A-B663-4E59-85B5-CAFE4CE4E64A}"
EndProject
Project("{FAE04EC0-301F-11D3-BF4B-00C04F79EFBC}") = "Meadow.Units.Tests", "Tests\Meadow.Units.Tests\Meadow.Units.Tests.csproj", "{B070E0F4-EC50-4A9F-A615-07079304AE12}"
EndProject
Global
	GlobalSection(SolutionConfigurationPlatforms) = preSolution
		Core|Any CPU = Core|Any CPU
		Debug|Any CPU = Debug|Any CPU
		Release|Any CPU = Release|Any CPU
	EndGlobalSection
	GlobalSection(ProjectConfigurationPlatforms) = postSolution
		{B13C7BDD-77F5-45F8-BDB9-6CD368C67410}.Core|Any CPU.ActiveCfg = Debug|Any CPU
		{B13C7BDD-77F5-45F8-BDB9-6CD368C67410}.Core|Any CPU.Build.0 = Debug|Any CPU
		{B13C7BDD-77F5-45F8-BDB9-6CD368C67410}.Debug|Any CPU.ActiveCfg = Debug|Any CPU
		{B13C7BDD-77F5-45F8-BDB9-6CD368C67410}.Debug|Any CPU.Build.0 = Debug|Any CPU
		{B13C7BDD-77F5-45F8-BDB9-6CD368C67410}.Release|Any CPU.ActiveCfg = Release|Any CPU
		{B13C7BDD-77F5-45F8-BDB9-6CD368C67410}.Release|Any CPU.Build.0 = Release|Any CPU
		{6C9FD83F-2D26-4B74-ABE7-4C4A84F82449}.Core|Any CPU.ActiveCfg = Debug|Any CPU
		{6C9FD83F-2D26-4B74-ABE7-4C4A84F82449}.Debug|Any CPU.ActiveCfg = Debug|Any CPU
		{6C9FD83F-2D26-4B74-ABE7-4C4A84F82449}.Debug|Any CPU.Build.0 = Debug|Any CPU
		{6C9FD83F-2D26-4B74-ABE7-4C4A84F82449}.Release|Any CPU.ActiveCfg = Release|Any CPU
		{6C9FD83F-2D26-4B74-ABE7-4C4A84F82449}.Release|Any CPU.Build.0 = Release|Any CPU
		{68862169-C332-48DF-BE45-8A27AAA365B3}.Core|Any CPU.ActiveCfg = Debug|Any CPU
		{68862169-C332-48DF-BE45-8A27AAA365B3}.Core|Any CPU.Build.0 = Debug|Any CPU
		{68862169-C332-48DF-BE45-8A27AAA365B3}.Core|Any CPU.Deploy.0 = Debug|Any CPU
		{68862169-C332-48DF-BE45-8A27AAA365B3}.Debug|Any CPU.ActiveCfg = Debug|Any CPU
		{68862169-C332-48DF-BE45-8A27AAA365B3}.Debug|Any CPU.Build.0 = Debug|Any CPU
		{68862169-C332-48DF-BE45-8A27AAA365B3}.Debug|Any CPU.Deploy.0 = Debug|Any CPU
		{68862169-C332-48DF-BE45-8A27AAA365B3}.Release|Any CPU.ActiveCfg = Release|Any CPU
		{68862169-C332-48DF-BE45-8A27AAA365B3}.Release|Any CPU.Build.0 = Release|Any CPU
		{68862169-C332-48DF-BE45-8A27AAA365B3}.Release|Any CPU.Deploy.0 = Release|Any CPU
		{2369DADC-44D3-4C7E-B605-8DC80D626F10}.Core|Any CPU.ActiveCfg = Debug|Any CPU
		{2369DADC-44D3-4C7E-B605-8DC80D626F10}.Core|Any CPU.Build.0 = Debug|Any CPU
		{2369DADC-44D3-4C7E-B605-8DC80D626F10}.Core|Any CPU.Deploy.0 = Debug|Any CPU
		{2369DADC-44D3-4C7E-B605-8DC80D626F10}.Debug|Any CPU.ActiveCfg = Debug|Any CPU
		{2369DADC-44D3-4C7E-B605-8DC80D626F10}.Debug|Any CPU.Build.0 = Debug|Any CPU
		{2369DADC-44D3-4C7E-B605-8DC80D626F10}.Debug|Any CPU.Deploy.0 = Debug|Any CPU
		{2369DADC-44D3-4C7E-B605-8DC80D626F10}.Release|Any CPU.ActiveCfg = Release|Any CPU
		{2369DADC-44D3-4C7E-B605-8DC80D626F10}.Release|Any CPU.Build.0 = Release|Any CPU
		{2369DADC-44D3-4C7E-B605-8DC80D626F10}.Release|Any CPU.Deploy.0 = Release|Any CPU
		{1DE72085-6E7C-4FFE-9EFD-7FB97EA4B18F}.Core|Any CPU.ActiveCfg = Debug|Any CPU
		{1DE72085-6E7C-4FFE-9EFD-7FB97EA4B18F}.Core|Any CPU.Build.0 = Debug|Any CPU
		{1DE72085-6E7C-4FFE-9EFD-7FB97EA4B18F}.Core|Any CPU.Deploy.0 = Debug|Any CPU
		{1DE72085-6E7C-4FFE-9EFD-7FB97EA4B18F}.Debug|Any CPU.ActiveCfg = Debug|Any CPU
		{1DE72085-6E7C-4FFE-9EFD-7FB97EA4B18F}.Debug|Any CPU.Build.0 = Debug|Any CPU
		{1DE72085-6E7C-4FFE-9EFD-7FB97EA4B18F}.Debug|Any CPU.Deploy.0 = Debug|Any CPU
		{1DE72085-6E7C-4FFE-9EFD-7FB97EA4B18F}.Release|Any CPU.ActiveCfg = Release|Any CPU
		{1DE72085-6E7C-4FFE-9EFD-7FB97EA4B18F}.Release|Any CPU.Build.0 = Release|Any CPU
		{1DE72085-6E7C-4FFE-9EFD-7FB97EA4B18F}.Release|Any CPU.Deploy.0 = Release|Any CPU
		{C9CD0C0A-B663-4E59-85B5-CAFE4CE4E64A}.Core|Any CPU.ActiveCfg = Debug|Any CPU
		{C9CD0C0A-B663-4E59-85B5-CAFE4CE4E64A}.Core|Any CPU.Build.0 = Debug|Any CPU
		{C9CD0C0A-B663-4E59-85B5-CAFE4CE4E64A}.Core|Any CPU.Deploy.0 = Debug|Any CPU
		{C9CD0C0A-B663-4E59-85B5-CAFE4CE4E64A}.Debug|Any CPU.ActiveCfg = Debug|Any CPU
		{C9CD0C0A-B663-4E59-85B5-CAFE4CE4E64A}.Debug|Any CPU.Build.0 = Debug|Any CPU
		{C9CD0C0A-B663-4E59-85B5-CAFE4CE4E64A}.Debug|Any CPU.Deploy.0 = Debug|Any CPU
		{C9CD0C0A-B663-4E59-85B5-CAFE4CE4E64A}.Release|Any CPU.ActiveCfg = Release|Any CPU
		{C9CD0C0A-B663-4E59-85B5-CAFE4CE4E64A}.Release|Any CPU.Build.0 = Release|Any CPU
		{C9CD0C0A-B663-4E59-85B5-CAFE4CE4E64A}.Release|Any CPU.Deploy.0 = Release|Any CPU
		{B070E0F4-EC50-4A9F-A615-07079304AE12}.Core|Any CPU.ActiveCfg = Debug|Any CPU
		{B070E0F4-EC50-4A9F-A615-07079304AE12}.Core|Any CPU.Build.0 = Debug|Any CPU
		{B070E0F4-EC50-4A9F-A615-07079304AE12}.Debug|Any CPU.ActiveCfg = Debug|Any CPU
		{B070E0F4-EC50-4A9F-A615-07079304AE12}.Debug|Any CPU.Build.0 = Debug|Any CPU
		{B070E0F4-EC50-4A9F-A615-07079304AE12}.Release|Any CPU.ActiveCfg = Release|Any CPU
		{B070E0F4-EC50-4A9F-A615-07079304AE12}.Release|Any CPU.Build.0 = Release|Any CPU
	EndGlobalSection
	GlobalSection(SolutionProperties) = preSolution
		HideSolutionNode = FALSE
	EndGlobalSection
	GlobalSection(NestedProjects) = preSolution
		{6C9FD83F-2D26-4B74-ABE7-4C4A84F82449} = {7BCFC6D6-228E-4C93-8145-EAD121AA8587}
		{B070E0F4-EC50-4A9F-A615-07079304AE12} = {7BCFC6D6-228E-4C93-8145-EAD121AA8587}
	EndGlobalSection
	GlobalSection(ExtensibilityGlobals) = postSolution
		SolutionGuid = {346406ED-19A9-40FB-A3F7-14139F44C0C8}
	EndGlobalSection
EndGlobal
