Microsoft Visual Studio Solution File, Format Version 12.00
# Visual Studio Version 16
VisualStudioVersion = 16.0.29613.14
MinimumVisualStudioVersion = 10.0.40219.1
Project("{2150E333-8FDC-42A3-9474-1A3956D46DE8}") = "Tests", "Tests", "{CDA0F516-977E-4F27-9434-9A0961EF91D1}"
EndProject
Project("{FAE04EC0-301F-11D3-BF4B-00C04F79EFBC}") = "ClockPInvoke.Test", "Tests\ClockPInvoke.Test\ClockPInvoke.Test.csproj", "{E4271183-8172-466F-8AF8-3ADDEBA64BB1}"
EndProject
Project("{9A19103F-16F7-4668-BE54-9A1E7A4F7556}") = "HelloLED", "Tests\HelloLED\HelloLED.csproj", "{E4E2339E-D040-4467-9EB2-A36143B90CB7}"
EndProject
Project("{9A19103F-16F7-4668-BE54-9A1E7A4F7556}") = "Meadow.Core", "Meadow.Core\Meadow.Core.csproj", "{B13C7BDD-77F5-45F8-BDB9-6CD368C67410}"
EndProject
Project("{9A19103F-16F7-4668-BE54-9A1E7A4F7556}") = "GpioInterrogation", "Tests\GpioInterrogation\GpioInterrogation.csproj", "{1EBFD0E5-F32C-46CD-9A60-0143EB8B8FA3}"
EndProject
Project("{9A19103F-16F7-4668-BE54-9A1E7A4F7556}") = "AnalogObserver", "Tests\AnalogObserver\AnalogObserver.csproj", "{8F45B165-1534-4160-A079-2B2E58A840B5}"
EndProject
Project("{2150E333-8FDC-42A3-9474-1A3956D46DE8}") = "F7_Micro", "F7_Micro", "{713BD65C-881B-45B1-9729-42BD2B9593FB}"
EndProject
Project("{FAE04EC0-301F-11D3-BF4B-00C04F79EFBC}") = "F7_Micro_Board_Diagnostics", "Tests\F7_Micro\F7_Micro_Board_Diagnostics\F7_Micro_Board_Diagnostics.csproj", "{AC21276C-F372-454E-89D5-06BA3CDF5FDB}"
EndProject
Project("{2150E333-8FDC-42A3-9474-1A3956D46DE8}") = "AppTemplates", "AppTemplates", "{897B80D1-CC82-4EF4-91D6-B3CFF44A88E3}"
EndProject
Project("{FAE04EC0-301F-11D3-BF4B-00C04F79EFBC}") = "BasicMeadowApp", "AppTemplates\BasicMeadowApp\BasicMeadowApp.csproj", "{9070AE55-A6CD-464D-84AA-4032DDDCD12F}"
EndProject
Project("{FAE04EC0-301F-11D3-BF4B-00C04F79EFBC}") = "SPITest", "Tests\SPITest\SPITest.csproj", "{2830A7BD-6B63-43A9-BBF9-57A488E6EEDE}"
EndProject
Project("{FAE04EC0-301F-11D3-BF4B-00C04F79EFBC}") = "Walking_DigitalOutputs", "Tests\F7_Micro\Walking_DigitalOutputs\Walking_DigitalOutputs.csproj", "{E8407C33-AED5-44A4-96A5-974E7A954E11}"
EndProject
Project("{9A19103F-16F7-4668-BE54-9A1E7A4F7556}") = "SampleAnalogInputs", "Tests\SampleAnalogInputs\SampleAnalogInputs.csproj", "{D81924A3-B842-479B-875C-37D693E335A1}"
EndProject
Project("{FAE04EC0-301F-11D3-BF4B-00C04F79EFBC}") = "InterruptTest", "Tests\InterruptTest\InterruptTest.csproj", "{F9203F04-5AE8-4780-BA62-8CEB08EFC50F}"
EndProject
Project("{FAE04EC0-301F-11D3-BF4B-00C04F79EFBC}") = "Basic_Threading", "Tests\Basic_Threading\Basic_Threading.csproj", "{502797E9-BF7D-460F-8467-AE8646E64BBB}"
EndProject
Project("{FAE04EC0-301F-11D3-BF4B-00C04F79EFBC}") = "Basic_Tasks", "Tests\Basic_Tasks\Basic_Tasks.csproj", "{67BD4E4C-9EB2-49CE-B071-D114CF77253A}"
EndProject
Project("{9A19103F-16F7-4668-BE54-9A1E7A4F7556}") = "Basic_AnalogReads", "Tests\Basic_AnalogReads\Basic_AnalogReads.csproj", "{A35784A6-CE91-4AAC-B861-9EA6B9411FEF}"
EndProject
Project("{9A19103F-16F7-4668-BE54-9A1E7A4F7556}") = "ButtonEvents", "Tests\F7_Micro\ButtonEvents\ButtonEvents.csproj", "{7E145413-338D-45C0-B367-3D12D419519B}"
EndProject
Project("{FAE04EC0-301F-11D3-BF4B-00C04F79EFBC}") = "DigitalInputPort_IObservable_Sample", "Tests\DigitalInputPort_IObservable_Sample\DigitalInputPort_IObservable_Sample.csproj", "{4D228F7E-709A-4577-97A8-BD90EF62C496}"
EndProject
Project("{FAE04EC0-301F-11D3-BF4B-00C04F79EFBC}") = "Benchmarks", "Tests\Benchmarks\Benchmarks.csproj", "{0A0FE9C8-5A91-4B98-AABC-83B54569CB90}"
EndProject
Project("{FAE04EC0-301F-11D3-BF4B-00C04F79EFBC}") = "ByteCommsAPIScratchPad", "Tests\ByteCommsAPIScratchPad\ByteCommsAPIScratchPad.csproj", "{CB756052-D824-40AC-8A54-C6E608DD83B7}"
EndProject
Project("{9A19103F-16F7-4668-BE54-9A1E7A4F7556}") = "BasicI2CTest", "Tests\BasicI2CTest\BasicI2CTest.csproj", "{DC2AB456-74B1-4408-9640-960B555460C8}"
EndProject
Project("{FAE04EC0-301F-11D3-BF4B-00C04F79EFBC}") = "Basic_Digital_Input", "Tests\Basic_Digital_Input\Basic_Digital_Input.csproj", "{3173C381-839B-4458-A2E9-D2EF326ACF2D}"
EndProject
Project("{FAE04EC0-301F-11D3-BF4B-00C04F79EFBC}") = "Basic_BiDirectonalPort", "Tests\Basic_BiDirectonalPort\Basic_BiDirectonalPort.csproj", "{71571663-A35C-403A-9511-F36FAE91694B}"
EndProject
Project("{9A19103F-16F7-4668-BE54-9A1E7A4F7556}") = "Basic_PWM", "Tests\Basic_PWM\Basic_PWM.csproj", "{00B22D2E-18A0-4BDC-A3D7-5FF33377ED70}"
EndProject
Project("{9A19103F-16F7-4668-BE54-9A1E7A4F7556}") = "Profiler", "Tests\Profiler\Profiler.csproj", "{4B689705-4092-4104-A4EC-B4C2696141A1}"
EndProject
Project("{9A19103F-16F7-4668-BE54-9A1E7A4F7556}") = "RealTimeClock", "Tests\RealTimeClock\RealTimeClock.csproj", "{74CFCE38-FB3F-429E-8531-72715F64B107}"
EndProject
Project("{9A19103F-16F7-4668-BE54-9A1E7A4F7556}") = "ExtensionMethods", "Tests\ExtensionMethods\ExtensionMethods.csproj", "{2EEC9836-7352-4564-AC01-35F082AB84D6}"
EndProject
Project("{9A19103F-16F7-4668-BE54-9A1E7A4F7556}") = "SerialMessagePort_Test", "Tests\SerialMessagePort_Test\SerialMessagePort_Test.csproj", "{45563F1A-E07C-4822-B380-961CEFB33701}"
EndProject
Project("{9A19103F-16F7-4668-BE54-9A1E7A4F7556}") = "SimpleSerial_Test", "Tests\SimpleSerial_Test\SimpleSerial_Test.csproj", "{F5D0B42B-21A6-414E-8196-CE6DB937808F}"
EndProject
Project("{9A19103F-16F7-4668-BE54-9A1E7A4F7556}") = "Basic_SerialListener", "Tests\Basic_SerialListener\Basic_SerialListener.csproj", "{89F9E319-B813-48F9-B52F-8378DCD9BF85}"
EndProject
Project("{9A19103F-16F7-4668-BE54-9A1E7A4F7556}") = "Core.Unit.Tests", "Tests\Core.Unit.Tests\Core.Unit.Tests.csproj", "{6C9FD83F-2D26-4B74-ABE7-4C4A84F82449}"
EndProject
Project("{FAE04EC0-301F-11D3-BF4B-00C04F79EFBC}") = "FileSystem", "Tests\FileSystem\FileSystem.csproj", "{31BF92DD-008D-43C6-A644-19A7C857A42C}"
EndProject
Project("{FAE04EC0-301F-11D3-BF4B-00C04F79EFBC}") = "Basic_FileSystem", "Tests\Basic_FileSystem\Basic_FileSystem.csproj", "{FD33EDFB-E868-45A4-993D-13959D9D718D}"
EndProject
Global
	GlobalSection(SolutionConfigurationPlatforms) = preSolution
		Debug|Any CPU = Debug|Any CPU
		Release|Any CPU = Release|Any CPU
	EndGlobalSection
	GlobalSection(ProjectConfigurationPlatforms) = postSolution
		{E4271183-8172-466F-8AF8-3ADDEBA64BB1}.Debug|Any CPU.ActiveCfg = Debug|Any CPU
		{E4271183-8172-466F-8AF8-3ADDEBA64BB1}.Debug|Any CPU.Build.0 = Debug|Any CPU
		{E4271183-8172-466F-8AF8-3ADDEBA64BB1}.Release|Any CPU.ActiveCfg = Release|Any CPU
		{E4271183-8172-466F-8AF8-3ADDEBA64BB1}.Release|Any CPU.Build.0 = Release|Any CPU
		{E4E2339E-D040-4467-9EB2-A36143B90CB7}.Debug|Any CPU.ActiveCfg = Debug|Any CPU
		{E4E2339E-D040-4467-9EB2-A36143B90CB7}.Debug|Any CPU.Build.0 = Debug|Any CPU
		{E4E2339E-D040-4467-9EB2-A36143B90CB7}.Release|Any CPU.ActiveCfg = Release|Any CPU
		{E4E2339E-D040-4467-9EB2-A36143B90CB7}.Release|Any CPU.Build.0 = Release|Any CPU
		{B13C7BDD-77F5-45F8-BDB9-6CD368C67410}.Debug|Any CPU.ActiveCfg = Debug|Any CPU
		{B13C7BDD-77F5-45F8-BDB9-6CD368C67410}.Debug|Any CPU.Build.0 = Debug|Any CPU
		{B13C7BDD-77F5-45F8-BDB9-6CD368C67410}.Release|Any CPU.ActiveCfg = Release|Any CPU
		{B13C7BDD-77F5-45F8-BDB9-6CD368C67410}.Release|Any CPU.Build.0 = Release|Any CPU
		{1EBFD0E5-F32C-46CD-9A60-0143EB8B8FA3}.Debug|Any CPU.ActiveCfg = Debug|Any CPU
		{1EBFD0E5-F32C-46CD-9A60-0143EB8B8FA3}.Debug|Any CPU.Build.0 = Debug|Any CPU
		{1EBFD0E5-F32C-46CD-9A60-0143EB8B8FA3}.Release|Any CPU.ActiveCfg = Release|Any CPU
		{1EBFD0E5-F32C-46CD-9A60-0143EB8B8FA3}.Release|Any CPU.Build.0 = Release|Any CPU
		{8F45B165-1534-4160-A079-2B2E58A840B5}.Debug|Any CPU.ActiveCfg = Debug|Any CPU
		{8F45B165-1534-4160-A079-2B2E58A840B5}.Debug|Any CPU.Build.0 = Debug|Any CPU
		{8F45B165-1534-4160-A079-2B2E58A840B5}.Release|Any CPU.ActiveCfg = Release|Any CPU
		{8F45B165-1534-4160-A079-2B2E58A840B5}.Release|Any CPU.Build.0 = Release|Any CPU
		{AC21276C-F372-454E-89D5-06BA3CDF5FDB}.Debug|Any CPU.ActiveCfg = Debug|Any CPU
		{AC21276C-F372-454E-89D5-06BA3CDF5FDB}.Debug|Any CPU.Build.0 = Debug|Any CPU
		{AC21276C-F372-454E-89D5-06BA3CDF5FDB}.Release|Any CPU.ActiveCfg = Release|Any CPU
		{AC21276C-F372-454E-89D5-06BA3CDF5FDB}.Release|Any CPU.Build.0 = Release|Any CPU
		{9070AE55-A6CD-464D-84AA-4032DDDCD12F}.Debug|Any CPU.ActiveCfg = Debug|Any CPU
		{9070AE55-A6CD-464D-84AA-4032DDDCD12F}.Debug|Any CPU.Build.0 = Debug|Any CPU
		{9070AE55-A6CD-464D-84AA-4032DDDCD12F}.Release|Any CPU.ActiveCfg = Release|Any CPU
		{9070AE55-A6CD-464D-84AA-4032DDDCD12F}.Release|Any CPU.Build.0 = Release|Any CPU
		{2830A7BD-6B63-43A9-BBF9-57A488E6EEDE}.Debug|Any CPU.ActiveCfg = Debug|Any CPU
		{2830A7BD-6B63-43A9-BBF9-57A488E6EEDE}.Debug|Any CPU.Build.0 = Debug|Any CPU
		{2830A7BD-6B63-43A9-BBF9-57A488E6EEDE}.Release|Any CPU.ActiveCfg = Release|Any CPU
		{2830A7BD-6B63-43A9-BBF9-57A488E6EEDE}.Release|Any CPU.Build.0 = Release|Any CPU
		{E8407C33-AED5-44A4-96A5-974E7A954E11}.Debug|Any CPU.ActiveCfg = Debug|Any CPU
		{E8407C33-AED5-44A4-96A5-974E7A954E11}.Debug|Any CPU.Build.0 = Debug|Any CPU
		{E8407C33-AED5-44A4-96A5-974E7A954E11}.Release|Any CPU.ActiveCfg = Release|Any CPU
		{E8407C33-AED5-44A4-96A5-974E7A954E11}.Release|Any CPU.Build.0 = Release|Any CPU
		{D81924A3-B842-479B-875C-37D693E335A1}.Debug|Any CPU.ActiveCfg = Debug|Any CPU
		{D81924A3-B842-479B-875C-37D693E335A1}.Debug|Any CPU.Build.0 = Debug|Any CPU
		{D81924A3-B842-479B-875C-37D693E335A1}.Release|Any CPU.ActiveCfg = Release|Any CPU
		{D81924A3-B842-479B-875C-37D693E335A1}.Release|Any CPU.Build.0 = Release|Any CPU
		{F9203F04-5AE8-4780-BA62-8CEB08EFC50F}.Debug|Any CPU.ActiveCfg = Debug|Any CPU
		{F9203F04-5AE8-4780-BA62-8CEB08EFC50F}.Debug|Any CPU.Build.0 = Debug|Any CPU
		{F9203F04-5AE8-4780-BA62-8CEB08EFC50F}.Release|Any CPU.ActiveCfg = Release|Any CPU
		{F9203F04-5AE8-4780-BA62-8CEB08EFC50F}.Release|Any CPU.Build.0 = Release|Any CPU
		{502797E9-BF7D-460F-8467-AE8646E64BBB}.Debug|Any CPU.ActiveCfg = Debug|Any CPU
		{502797E9-BF7D-460F-8467-AE8646E64BBB}.Debug|Any CPU.Build.0 = Debug|Any CPU
		{502797E9-BF7D-460F-8467-AE8646E64BBB}.Release|Any CPU.ActiveCfg = Release|Any CPU
		{502797E9-BF7D-460F-8467-AE8646E64BBB}.Release|Any CPU.Build.0 = Release|Any CPU
		{67BD4E4C-9EB2-49CE-B071-D114CF77253A}.Debug|Any CPU.ActiveCfg = Debug|Any CPU
		{67BD4E4C-9EB2-49CE-B071-D114CF77253A}.Debug|Any CPU.Build.0 = Debug|Any CPU
		{67BD4E4C-9EB2-49CE-B071-D114CF77253A}.Release|Any CPU.ActiveCfg = Release|Any CPU
		{67BD4E4C-9EB2-49CE-B071-D114CF77253A}.Release|Any CPU.Build.0 = Release|Any CPU
		{A35784A6-CE91-4AAC-B861-9EA6B9411FEF}.Debug|Any CPU.ActiveCfg = Debug|Any CPU
		{A35784A6-CE91-4AAC-B861-9EA6B9411FEF}.Debug|Any CPU.Build.0 = Debug|Any CPU
		{A35784A6-CE91-4AAC-B861-9EA6B9411FEF}.Release|Any CPU.ActiveCfg = Release|Any CPU
		{A35784A6-CE91-4AAC-B861-9EA6B9411FEF}.Release|Any CPU.Build.0 = Release|Any CPU
		{7E145413-338D-45C0-B367-3D12D419519B}.Debug|Any CPU.ActiveCfg = Debug|Any CPU
		{7E145413-338D-45C0-B367-3D12D419519B}.Debug|Any CPU.Build.0 = Debug|Any CPU
		{7E145413-338D-45C0-B367-3D12D419519B}.Release|Any CPU.ActiveCfg = Release|Any CPU
		{7E145413-338D-45C0-B367-3D12D419519B}.Release|Any CPU.Build.0 = Release|Any CPU
		{4D228F7E-709A-4577-97A8-BD90EF62C496}.Debug|Any CPU.ActiveCfg = Debug|Any CPU
		{4D228F7E-709A-4577-97A8-BD90EF62C496}.Debug|Any CPU.Build.0 = Debug|Any CPU
		{4D228F7E-709A-4577-97A8-BD90EF62C496}.Release|Any CPU.ActiveCfg = Release|Any CPU
		{4D228F7E-709A-4577-97A8-BD90EF62C496}.Release|Any CPU.Build.0 = Release|Any CPU
		{0A0FE9C8-5A91-4B98-AABC-83B54569CB90}.Debug|Any CPU.ActiveCfg = Debug|Any CPU
		{0A0FE9C8-5A91-4B98-AABC-83B54569CB90}.Debug|Any CPU.Build.0 = Debug|Any CPU
		{0A0FE9C8-5A91-4B98-AABC-83B54569CB90}.Release|Any CPU.ActiveCfg = Release|Any CPU
		{0A0FE9C8-5A91-4B98-AABC-83B54569CB90}.Release|Any CPU.Build.0 = Release|Any CPU
		{CB756052-D824-40AC-8A54-C6E608DD83B7}.Debug|Any CPU.ActiveCfg = Debug|Any CPU
		{CB756052-D824-40AC-8A54-C6E608DD83B7}.Debug|Any CPU.Build.0 = Debug|Any CPU
		{CB756052-D824-40AC-8A54-C6E608DD83B7}.Release|Any CPU.ActiveCfg = Release|Any CPU
		{CB756052-D824-40AC-8A54-C6E608DD83B7}.Release|Any CPU.Build.0 = Release|Any CPU
		{DC2AB456-74B1-4408-9640-960B555460C8}.Debug|Any CPU.ActiveCfg = Debug|Any CPU
		{DC2AB456-74B1-4408-9640-960B555460C8}.Debug|Any CPU.Build.0 = Debug|Any CPU
		{DC2AB456-74B1-4408-9640-960B555460C8}.Release|Any CPU.ActiveCfg = Release|Any CPU
		{DC2AB456-74B1-4408-9640-960B555460C8}.Release|Any CPU.Build.0 = Release|Any CPU
		{3173C381-839B-4458-A2E9-D2EF326ACF2D}.Debug|Any CPU.ActiveCfg = Debug|Any CPU
		{3173C381-839B-4458-A2E9-D2EF326ACF2D}.Debug|Any CPU.Build.0 = Debug|Any CPU
		{3173C381-839B-4458-A2E9-D2EF326ACF2D}.Release|Any CPU.ActiveCfg = Release|Any CPU
		{3173C381-839B-4458-A2E9-D2EF326ACF2D}.Release|Any CPU.Build.0 = Release|Any CPU
		{71571663-A35C-403A-9511-F36FAE91694B}.Debug|Any CPU.ActiveCfg = Debug|Any CPU
		{71571663-A35C-403A-9511-F36FAE91694B}.Debug|Any CPU.Build.0 = Debug|Any CPU
		{71571663-A35C-403A-9511-F36FAE91694B}.Release|Any CPU.ActiveCfg = Release|Any CPU
		{71571663-A35C-403A-9511-F36FAE91694B}.Release|Any CPU.Build.0 = Release|Any CPU
		{00B22D2E-18A0-4BDC-A3D7-5FF33377ED70}.Debug|Any CPU.ActiveCfg = Debug|Any CPU
		{00B22D2E-18A0-4BDC-A3D7-5FF33377ED70}.Debug|Any CPU.Build.0 = Debug|Any CPU
		{00B22D2E-18A0-4BDC-A3D7-5FF33377ED70}.Release|Any CPU.ActiveCfg = Release|Any CPU
		{00B22D2E-18A0-4BDC-A3D7-5FF33377ED70}.Release|Any CPU.Build.0 = Release|Any CPU
		{4B689705-4092-4104-A4EC-B4C2696141A1}.Debug|Any CPU.ActiveCfg = Debug|Any CPU
		{4B689705-4092-4104-A4EC-B4C2696141A1}.Debug|Any CPU.Build.0 = Debug|Any CPU
		{4B689705-4092-4104-A4EC-B4C2696141A1}.Release|Any CPU.ActiveCfg = Release|Any CPU
		{4B689705-4092-4104-A4EC-B4C2696141A1}.Release|Any CPU.Build.0 = Release|Any CPU
		{74CFCE38-FB3F-429E-8531-72715F64B107}.Debug|Any CPU.ActiveCfg = Debug|Any CPU
		{74CFCE38-FB3F-429E-8531-72715F64B107}.Debug|Any CPU.Build.0 = Debug|Any CPU
		{74CFCE38-FB3F-429E-8531-72715F64B107}.Release|Any CPU.ActiveCfg = Release|Any CPU
		{74CFCE38-FB3F-429E-8531-72715F64B107}.Release|Any CPU.Build.0 = Release|Any CPU
		{2EEC9836-7352-4564-AC01-35F082AB84D6}.Debug|Any CPU.ActiveCfg = Debug|Any CPU
		{2EEC9836-7352-4564-AC01-35F082AB84D6}.Debug|Any CPU.Build.0 = Debug|Any CPU
		{2EEC9836-7352-4564-AC01-35F082AB84D6}.Release|Any CPU.ActiveCfg = Release|Any CPU
		{2EEC9836-7352-4564-AC01-35F082AB84D6}.Release|Any CPU.Build.0 = Release|Any CPU
		{45563F1A-E07C-4822-B380-961CEFB33701}.Debug|Any CPU.ActiveCfg = Debug|Any CPU
		{45563F1A-E07C-4822-B380-961CEFB33701}.Debug|Any CPU.Build.0 = Debug|Any CPU
		{45563F1A-E07C-4822-B380-961CEFB33701}.Release|Any CPU.ActiveCfg = Release|Any CPU
		{45563F1A-E07C-4822-B380-961CEFB33701}.Release|Any CPU.Build.0 = Release|Any CPU
		{F5D0B42B-21A6-414E-8196-CE6DB937808F}.Debug|Any CPU.ActiveCfg = Debug|Any CPU
		{F5D0B42B-21A6-414E-8196-CE6DB937808F}.Debug|Any CPU.Build.0 = Debug|Any CPU
		{F5D0B42B-21A6-414E-8196-CE6DB937808F}.Release|Any CPU.ActiveCfg = Release|Any CPU
		{F5D0B42B-21A6-414E-8196-CE6DB937808F}.Release|Any CPU.Build.0 = Release|Any CPU
		{89F9E319-B813-48F9-B52F-8378DCD9BF85}.Debug|Any CPU.ActiveCfg = Debug|Any CPU
		{89F9E319-B813-48F9-B52F-8378DCD9BF85}.Debug|Any CPU.Build.0 = Debug|Any CPU
		{89F9E319-B813-48F9-B52F-8378DCD9BF85}.Release|Any CPU.ActiveCfg = Release|Any CPU
		{89F9E319-B813-48F9-B52F-8378DCD9BF85}.Release|Any CPU.Build.0 = Release|Any CPU
		{6C9FD83F-2D26-4B74-ABE7-4C4A84F82449}.Debug|Any CPU.ActiveCfg = Debug|Any CPU
		{6C9FD83F-2D26-4B74-ABE7-4C4A84F82449}.Debug|Any CPU.Build.0 = Debug|Any CPU
		{6C9FD83F-2D26-4B74-ABE7-4C4A84F82449}.Release|Any CPU.ActiveCfg = Release|Any CPU
		{6C9FD83F-2D26-4B74-ABE7-4C4A84F82449}.Release|Any CPU.Build.0 = Release|Any CPU
		{FD33EDFB-E868-45A4-993D-13959D9D718D}.Debug|Any CPU.ActiveCfg = Debug|Any CPU
		{FD33EDFB-E868-45A4-993D-13959D9D718D}.Debug|Any CPU.Build.0 = Debug|Any CPU
		{FD33EDFB-E868-45A4-993D-13959D9D718D}.Release|Any CPU.ActiveCfg = Release|Any CPU
		{FD33EDFB-E868-45A4-993D-13959D9D718D}.Release|Any CPU.Build.0 = Release|Any CPU
		{31BF92DD-008D-43C6-A644-19A7C857A42C}.Debug|Any CPU.ActiveCfg = Debug|Any CPU
		{31BF92DD-008D-43C6-A644-19A7C857A42C}.Debug|Any CPU.Build.0 = Debug|Any CPU
		{31BF92DD-008D-43C6-A644-19A7C857A42C}.Release|Any CPU.ActiveCfg = Release|Any CPU
		{31BF92DD-008D-43C6-A644-19A7C857A42C}.Release|Any CPU.Build.0 = Release|Any CPU
	EndGlobalSection
	GlobalSection(SolutionProperties) = preSolution
		HideSolutionNode = FALSE
	EndGlobalSection
	GlobalSection(NestedProjects) = preSolution
		{E4271183-8172-466F-8AF8-3ADDEBA64BB1} = {CDA0F516-977E-4F27-9434-9A0961EF91D1}
		{E4E2339E-D040-4467-9EB2-A36143B90CB7} = {CDA0F516-977E-4F27-9434-9A0961EF91D1}
		{1EBFD0E5-F32C-46CD-9A60-0143EB8B8FA3} = {CDA0F516-977E-4F27-9434-9A0961EF91D1}
		{8F45B165-1534-4160-A079-2B2E58A840B5} = {CDA0F516-977E-4F27-9434-9A0961EF91D1}
		{713BD65C-881B-45B1-9729-42BD2B9593FB} = {CDA0F516-977E-4F27-9434-9A0961EF91D1}
		{AC21276C-F372-454E-89D5-06BA3CDF5FDB} = {713BD65C-881B-45B1-9729-42BD2B9593FB}
		{9070AE55-A6CD-464D-84AA-4032DDDCD12F} = {897B80D1-CC82-4EF4-91D6-B3CFF44A88E3}
		{2830A7BD-6B63-43A9-BBF9-57A488E6EEDE} = {CDA0F516-977E-4F27-9434-9A0961EF91D1}
		{E8407C33-AED5-44A4-96A5-974E7A954E11} = {713BD65C-881B-45B1-9729-42BD2B9593FB}
		{D81924A3-B842-479B-875C-37D693E335A1} = {713BD65C-881B-45B1-9729-42BD2B9593FB}
		{F9203F04-5AE8-4780-BA62-8CEB08EFC50F} = {713BD65C-881B-45B1-9729-42BD2B9593FB}
		{502797E9-BF7D-460F-8467-AE8646E64BBB} = {CDA0F516-977E-4F27-9434-9A0961EF91D1}
		{67BD4E4C-9EB2-49CE-B071-D114CF77253A} = {CDA0F516-977E-4F27-9434-9A0961EF91D1}
		{A35784A6-CE91-4AAC-B861-9EA6B9411FEF} = {CDA0F516-977E-4F27-9434-9A0961EF91D1}
		{7E145413-338D-45C0-B367-3D12D419519B} = {713BD65C-881B-45B1-9729-42BD2B9593FB}
		{4D228F7E-709A-4577-97A8-BD90EF62C496} = {CDA0F516-977E-4F27-9434-9A0961EF91D1}
		{0A0FE9C8-5A91-4B98-AABC-83B54569CB90} = {CDA0F516-977E-4F27-9434-9A0961EF91D1}
		{CB756052-D824-40AC-8A54-C6E608DD83B7} = {CDA0F516-977E-4F27-9434-9A0961EF91D1}
		{DC2AB456-74B1-4408-9640-960B555460C8} = {713BD65C-881B-45B1-9729-42BD2B9593FB}
		{3173C381-839B-4458-A2E9-D2EF326ACF2D} = {713BD65C-881B-45B1-9729-42BD2B9593FB}
		{71571663-A35C-403A-9511-F36FAE91694B} = {CDA0F516-977E-4F27-9434-9A0961EF91D1}
		{00B22D2E-18A0-4BDC-A3D7-5FF33377ED70} = {713BD65C-881B-45B1-9729-42BD2B9593FB}
		{4B689705-4092-4104-A4EC-B4C2696141A1} = {CDA0F516-977E-4F27-9434-9A0961EF91D1}
		{74CFCE38-FB3F-429E-8531-72715F64B107} = {CDA0F516-977E-4F27-9434-9A0961EF91D1}
		{2EEC9836-7352-4564-AC01-35F082AB84D6} = {CDA0F516-977E-4F27-9434-9A0961EF91D1}
		{45563F1A-E07C-4822-B380-961CEFB33701} = {CDA0F516-977E-4F27-9434-9A0961EF91D1}
		{F5D0B42B-21A6-414E-8196-CE6DB937808F} = {CDA0F516-977E-4F27-9434-9A0961EF91D1}
		{89F9E319-B813-48F9-B52F-8378DCD9BF85} = {CDA0F516-977E-4F27-9434-9A0961EF91D1}
		{FD33EDFB-E868-45A4-993D-13959D9D718D} = {CDA0F516-977E-4F27-9434-9A0961EF91D1}
		{31BF92DD-008D-43C6-A644-19A7C857A42C} = {CDA0F516-977E-4F27-9434-9A0961EF91D1}
	EndGlobalSection
	GlobalSection(ExtensibilityGlobals) = postSolution
		SolutionGuid = {346406ED-19A9-40FB-A3F7-14139F44C0C8}
	EndGlobalSection
EndGlobal
