Microsoft Visual Studio Solution File, Format Version 12.00
# Visual Studio Version 16
VisualStudioVersion = 16.0.29613.14
MinimumVisualStudioVersion = 10.0.40219.1
Project("{2150E333-8FDC-42A3-9474-1A3956D46DE8}") = "Tests", "Tests", "{CDA0F516-977E-4F27-9434-9A0961EF91D1}"
EndProject
Project("{FAE04EC0-301F-11D3-BF4B-00C04F79EFBC}") = "Meadow.Core", "Meadow.Core\Meadow.Core.csproj", "{B13C7BDD-77F5-45F8-BDB9-6CD368C67410}"
EndProject
Project("{2150E333-8FDC-42A3-9474-1A3956D46DE8}") = "AppTemplates", "AppTemplates", "{897B80D1-CC82-4EF4-91D6-B3CFF44A88E3}"
EndProject
Project("{FAE04EC0-301F-11D3-BF4B-00C04F79EFBC}") = "BasicMeadowApp", "AppTemplates\BasicMeadowApp\BasicMeadowApp.csproj", "{9070AE55-A6CD-464D-84AA-4032DDDCD12F}"
EndProject
Project("{FAE04EC0-301F-11D3-BF4B-00C04F79EFBC}") = "ByteCommsAPIScratchPad", "Tests\ByteCommsAPIScratchPad\ByteCommsAPIScratchPad.csproj", "{CB756052-D824-40AC-8A54-C6E608DD83B7}"
EndProject
Project("{9A19103F-16F7-4668-BE54-9A1E7A4F7556}") = "Profiler", "Tests\Profiler\Profiler.csproj", "{4B689705-4092-4104-A4EC-B4C2696141A1}"
EndProject
Project("{9A19103F-16F7-4668-BE54-9A1E7A4F7556}") = "Core.Unit.Tests", "Tests\Core.Unit.Tests\Core.Unit.Tests.csproj", "{6C9FD83F-2D26-4B74-ABE7-4C4A84F82449}"
EndProject
Project("{9A19103F-16F7-4668-BE54-9A1E7A4F7556}") = "FileSystem", "Tests\FileSystem\FileSystem.csproj", "{31BF92DD-008D-43C6-A644-19A7C857A42C}"
EndProject
Project("{9A19103F-16F7-4668-BE54-9A1E7A4F7556}") = "Basic_FileSystem", "Tests\Basic_FileSystem\Basic_FileSystem.csproj", "{FD33EDFB-E868-45A4-993D-13959D9D718D}"
EndProject
Project("{FAE04EC0-301F-11D3-BF4B-00C04F79EFBC}") = "Meadow.Units.Tests", "Meadow.Units.Tests\Meadow.Units.Tests.csproj", "{6037106D-06D4-4990-91BA-7E06DF23B9CD}"
EndProject
Project("{FAE04EC0-301F-11D3-BF4B-00C04F79EFBC}") = "BLETest", "Tests\Bluetooth\BLETest.csproj", "{121F55EC-96A6-43FF-82DB-D5DEEC753B3F}"
EndProject
Global
	GlobalSection(SolutionConfigurationPlatforms) = preSolution
		Core|Any CPU = Core|Any CPU
		Debug|Any CPU = Debug|Any CPU
		Release|Any CPU = Release|Any CPU
	EndGlobalSection
	GlobalSection(ProjectConfigurationPlatforms) = postSolution
		{B13C7BDD-77F5-45F8-BDB9-6CD368C67410}.Core|Any CPU.ActiveCfg = Debug|Any CPU
		{B13C7BDD-77F5-45F8-BDB9-6CD368C67410}.Core|Any CPU.Build.0 = Debug|Any CPU
		{B13C7BDD-77F5-45F8-BDB9-6CD368C67410}.Debug|Any CPU.ActiveCfg = Debug|Any CPU
		{B13C7BDD-77F5-45F8-BDB9-6CD368C67410}.Debug|Any CPU.Build.0 = Debug|Any CPU
		{B13C7BDD-77F5-45F8-BDB9-6CD368C67410}.Release|Any CPU.ActiveCfg = Release|Any CPU
		{B13C7BDD-77F5-45F8-BDB9-6CD368C67410}.Release|Any CPU.Build.0 = Release|Any CPU
		{9070AE55-A6CD-464D-84AA-4032DDDCD12F}.Core|Any CPU.ActiveCfg = Debug|Any CPU
		{9070AE55-A6CD-464D-84AA-4032DDDCD12F}.Debug|Any CPU.ActiveCfg = Debug|Any CPU
		{9070AE55-A6CD-464D-84AA-4032DDDCD12F}.Debug|Any CPU.Build.0 = Debug|Any CPU
		{9070AE55-A6CD-464D-84AA-4032DDDCD12F}.Release|Any CPU.ActiveCfg = Release|Any CPU
		{9070AE55-A6CD-464D-84AA-4032DDDCD12F}.Release|Any CPU.Build.0 = Release|Any CPU
		{CB756052-D824-40AC-8A54-C6E608DD83B7}.Core|Any CPU.ActiveCfg = Debug|Any CPU
		{CB756052-D824-40AC-8A54-C6E608DD83B7}.Debug|Any CPU.ActiveCfg = Debug|Any CPU
		{CB756052-D824-40AC-8A54-C6E608DD83B7}.Debug|Any CPU.Build.0 = Debug|Any CPU
		{CB756052-D824-40AC-8A54-C6E608DD83B7}.Release|Any CPU.ActiveCfg = Release|Any CPU
		{CB756052-D824-40AC-8A54-C6E608DD83B7}.Release|Any CPU.Build.0 = Release|Any CPU
		{4B689705-4092-4104-A4EC-B4C2696141A1}.Core|Any CPU.ActiveCfg = Debug|Any CPU
		{4B689705-4092-4104-A4EC-B4C2696141A1}.Debug|Any CPU.ActiveCfg = Debug|Any CPU
		{4B689705-4092-4104-A4EC-B4C2696141A1}.Debug|Any CPU.Build.0 = Debug|Any CPU
		{4B689705-4092-4104-A4EC-B4C2696141A1}.Release|Any CPU.ActiveCfg = Release|Any CPU
		{4B689705-4092-4104-A4EC-B4C2696141A1}.Release|Any CPU.Build.0 = Release|Any CPU
		{6C9FD83F-2D26-4B74-ABE7-4C4A84F82449}.Core|Any CPU.ActiveCfg = Debug|Any CPU
		{6C9FD83F-2D26-4B74-ABE7-4C4A84F82449}.Debug|Any CPU.ActiveCfg = Debug|Any CPU
		{6C9FD83F-2D26-4B74-ABE7-4C4A84F82449}.Debug|Any CPU.Build.0 = Debug|Any CPU
		{6C9FD83F-2D26-4B74-ABE7-4C4A84F82449}.Release|Any CPU.ActiveCfg = Release|Any CPU
		{6C9FD83F-2D26-4B74-ABE7-4C4A84F82449}.Release|Any CPU.Build.0 = Release|Any CPU
		{31BF92DD-008D-43C6-A644-19A7C857A42C}.Core|Any CPU.ActiveCfg = Debug|Any CPU
		{31BF92DD-008D-43C6-A644-19A7C857A42C}.Debug|Any CPU.ActiveCfg = Debug|Any CPU
		{31BF92DD-008D-43C6-A644-19A7C857A42C}.Debug|Any CPU.Build.0 = Debug|Any CPU
		{31BF92DD-008D-43C6-A644-19A7C857A42C}.Release|Any CPU.ActiveCfg = Release|Any CPU
		{31BF92DD-008D-43C6-A644-19A7C857A42C}.Release|Any CPU.Build.0 = Release|Any CPU
		{FD33EDFB-E868-45A4-993D-13959D9D718D}.Core|Any CPU.ActiveCfg = Debug|Any CPU
		{FD33EDFB-E868-45A4-993D-13959D9D718D}.Debug|Any CPU.ActiveCfg = Debug|Any CPU
		{FD33EDFB-E868-45A4-993D-13959D9D718D}.Debug|Any CPU.Build.0 = Debug|Any CPU
		{FD33EDFB-E868-45A4-993D-13959D9D718D}.Release|Any CPU.ActiveCfg = Release|Any CPU
		{FD33EDFB-E868-45A4-993D-13959D9D718D}.Release|Any CPU.Build.0 = Release|Any CPU
		{6037106D-06D4-4990-91BA-7E06DF23B9CD}.Core|Any CPU.ActiveCfg = Debug|Any CPU
		{6037106D-06D4-4990-91BA-7E06DF23B9CD}.Core|Any CPU.Build.0 = Debug|Any CPU
		{6037106D-06D4-4990-91BA-7E06DF23B9CD}.Debug|Any CPU.ActiveCfg = Debug|Any CPU
		{6037106D-06D4-4990-91BA-7E06DF23B9CD}.Debug|Any CPU.Build.0 = Debug|Any CPU
		{6037106D-06D4-4990-91BA-7E06DF23B9CD}.Release|Any CPU.ActiveCfg = Release|Any CPU
		{6037106D-06D4-4990-91BA-7E06DF23B9CD}.Release|Any CPU.Build.0 = Release|Any CPU
		{121F55EC-96A6-43FF-82DB-D5DEEC753B3F}.Core|Any CPU.ActiveCfg = Debug|Any CPU
		{121F55EC-96A6-43FF-82DB-D5DEEC753B3F}.Core|Any CPU.Build.0 = Debug|Any CPU
		{121F55EC-96A6-43FF-82DB-D5DEEC753B3F}.Debug|Any CPU.ActiveCfg = Debug|Any CPU
		{121F55EC-96A6-43FF-82DB-D5DEEC753B3F}.Debug|Any CPU.Build.0 = Debug|Any CPU
		{121F55EC-96A6-43FF-82DB-D5DEEC753B3F}.Release|Any CPU.ActiveCfg = Release|Any CPU
		{121F55EC-96A6-43FF-82DB-D5DEEC753B3F}.Release|Any CPU.Build.0 = Release|Any CPU
	EndGlobalSection
	GlobalSection(SolutionProperties) = preSolution
		HideSolutionNode = FALSE
	EndGlobalSection
	GlobalSection(NestedProjects) = preSolution
		{9070AE55-A6CD-464D-84AA-4032DDDCD12F} = {897B80D1-CC82-4EF4-91D6-B3CFF44A88E3}
		{CB756052-D824-40AC-8A54-C6E608DD83B7} = {CDA0F516-977E-4F27-9434-9A0961EF91D1}
		{4B689705-4092-4104-A4EC-B4C2696141A1} = {CDA0F516-977E-4F27-9434-9A0961EF91D1}
		{31BF92DD-008D-43C6-A644-19A7C857A42C} = {CDA0F516-977E-4F27-9434-9A0961EF91D1}
		{FD33EDFB-E868-45A4-993D-13959D9D718D} = {CDA0F516-977E-4F27-9434-9A0961EF91D1}
		{121F55EC-96A6-43FF-82DB-D5DEEC753B3F} = {CDA0F516-977E-4F27-9434-9A0961EF91D1}
	EndGlobalSection
	GlobalSection(ExtensibilityGlobals) = postSolution
		SolutionGuid = {346406ED-19A9-40FB-A3F7-14139F44C0C8}
	EndGlobalSection
EndGlobal
