<Solution>
  <Configurations>
    <BuildType Name="Core" />
    <BuildType Name="Debug" />
    <BuildType Name="Release" />
  </Configurations>
  <Folder Name="/implementations/">
    <Project Path="extensions/Meadow.AspNetCore.Abstractions/Meadow.AspNetCore.Abstractions.csproj">
      <BuildType Solution="Core|*" Project="Debug" />
    </Project>
  </Folder>
  <Folder Name="/implementations/desktop/">
    <Project Path="implementations/desktop/Meadow.Desktop/Meadow.Desktop.csproj">
      <BuildType Solution="Core|*" Project="Debug" />
    </Project>
  </Folder>
  <Folder Name="/implementations/f7/">
    <Project Path="implementations/f7/Meadow.F7/Meadow.F7.csproj">
      <BuildType Solution="Core|*" Project="Debug" />
      <Deploy />
    </Project>
  </Folder>
  <Folder Name="/implementations/linux/">
    <File Path="implementations/linux/beaglebone.md" />
    <File Path="implementations/linux/raspberrypi.md" />
    <File Path="implementations/linux/README.md" />
    <Project Path="implementations/linux/Meadow.Linux/Meadow.Linux.csproj">
      <BuildType Solution="Core|*" Project="Debug" />
      <Deploy />
    </Project>
  </Folder>
  <Folder Name="/implementations/mac/">
    <Project Path="implementations/mac/Meadow.Mac/Meadow.Mac.csproj">
      <BuildType Solution="Core|*" Project="Debug" />
    </Project>
  </Folder>
  <Folder Name="/implementations/simulation/">
    <Project Path="implementations/simulation/Meadow.Simulation/Meadow.Simulation.csproj">
      <BuildType Solution="Core|*" Project="Debug" />
    </Project>
  </Folder>
  <Folder Name="/implementations/windows/">
    <Project Path="implementations/windows/Meadow.Windows/Meadow.Windows.csproj">
      <BuildType Solution="Core|*" Project="Debug" />
    </Project>
  </Folder>
  <Folder Name="/Solution Items/">
    <File Path="Directory.Packages.props" />
  </Folder>
  <Folder Name="/tests/">
    <Project Path="Tests/Core.Unit.Tests/Core.Unit.Tests.csproj">
      <BuildType Solution="Core|*" Project="Debug" />
    </Project>
  </Folder>
  <Folder Name="/ui/">
    <Project Path="ui/Meadow.Avalonia/Meadow.Avalonia.csproj">
      <BuildType Solution="Core|*" Project="Debug" />
    </Project>
    <Project Path="ui/Meadow.Blazor/Meadow.Blazor.csproj">
      <BuildType Solution="Core|*" Project="Debug" />
    </Project>
  </Folder>
  <Folder Name="/_docs/">
    <File Path="../doc/services.md" />
    <File Path="../Interrupt.md" />
    <File Path="../README.md" />
  </Folder>
  <Folder Name="/_External/">
    <Project Path="../../Meadow.Contracts/Source/Meadow.Contracts/Meadow.Contracts.csproj">
      <BuildType Solution="Core|*" Project="Debug" />
      <Deploy />
    </Project>
    <Project Path="../../Meadow.Foundation/Source/Meadow.Foundation.Core/Meadow.Foundation.Core.csproj">
      <BuildType Solution="Core|*" Project="Debug" />
      <Deploy />
    </Project>
    <Project Path="../../Meadow.Foundation/Source/Meadow.Foundation.Libraries_and_Frameworks/Graphics.MicroGraphics/Driver/Graphics.MicroGraphics.csproj">
      <BuildType Solution="Core|*" Project="Debug" />
      <Deploy />
    </Project>
    <Project Path="../../Meadow.Foundation/Source/Meadow.Foundation.Libraries_and_Frameworks/Serialization.MicroJson/Driver/Serialization.MicroJson.csproj">
      <BuildType Solution="Core|*" Project="Debug" />
    </Project>
    <Project Path="../../Meadow.Foundation/Source/Meadow.Foundation.Peripherals/Displays.Gtk/Driver/Displays.Gtk.csproj">
      <BuildType Solution="Core|*" Project="Debug" />
    </Project>
    <Project Path="../../Meadow.Foundation/Source/Meadow.Foundation.Peripherals/Displays.Silk/Driver/Displays.Silk.csproj">
      <BuildType Solution="Core|*" Project="Debug" />
    </Project>
    <Project Path="../../Meadow.Foundation/Source/Meadow.Foundation.Peripherals/Displays.WinForms/Driver/Displays.WinForms.csproj">
      <BuildType Solution="Core|*" Project="Debug" />
    </Project>
    <Project Path="../../Meadow.Logging/Source/Meadow.Logging/lib/Meadow.Logging.csproj">
      <BuildType Solution="Core|*" Project="Debug" />
    </Project>
    <Project Path="../../Meadow.Modbus/src/Meadow.Modbus/Meadow.Modbus.csproj">
      <BuildType Solution="Core|*" Project="Debug" />
    </Project>
    <Project Path="../../Meadow.Units/Source/Meadow.Units/Meadow.Units.csproj">
      <BuildType Solution="Core|*" Project="Debug" />
      <Deploy />
    </Project>
    <Project Path="../../MQTTnet/Source/MQTTnet/MQTTnet.csproj">
      <BuildType Solution="Core|*" Project="Debug" />
    </Project>
  </Folder>
  <Project Path="Meadow.Core/Meadow.Core.csproj">
    <BuildType Solution="Core|*" Project="Debug" />
  </Project>
</Solution>
